// !$*UTF8*$!
{
	archiveVersion = 1;
	classes = {
	};
	objectVersion = 51;
	objects = {

/* Begin PBXBuildFile section */
		4B01477E4CFAF1D8017A8176 /* Pods_Movieooze.framework in Frameworks */ = {isa = PBXBuildFile; fileRef = 9F22B05114B0761F1D33064B /* Pods_Movieooze.framework */; };
		F42BDB5D26FA1BB00013A750 /* TVShowTrendingCellViewModel.swift in Sources */ = {isa = PBXBuildFile; fileRef = F42BDB5C26FA1BB00013A750 /* TVShowTrendingCellViewModel.swift */; };
		F42BDB6826FD920A0013A750 /* TvShowDetailedScrollViewController.swift in Sources */ = {isa = PBXBuildFile; fileRef = F42BDB6726FD920A0013A750 /* TvShowDetailedScrollViewController.swift */; };
		F42BDB732704A6980013A750 /* Spoken_languages.swift in Sources */ = {isa = PBXBuildFile; fileRef = F42BDB6A2704A6970013A750 /* Spoken_languages.swift */; };
		F42BDB742704A6980013A750 /* TVShowDetails.swift in Sources */ = {isa = PBXBuildFile; fileRef = F42BDB6B2704A6970013A750 /* TVShowDetails.swift */; };
		F42BDB752704A6980013A750 /* Last_episode_to_air.swift in Sources */ = {isa = PBXBuildFile; fileRef = F42BDB6C2704A6970013A750 /* Last_episode_to_air.swift */; };
		F42BDB762704A6980013A750 /* Created_by.swift in Sources */ = {isa = PBXBuildFile; fileRef = F42BDB6D2704A6980013A750 /* Created_by.swift */; };
		F42BDB772704A6980013A750 /* Next_episode_to_air.swift in Sources */ = {isa = PBXBuildFile; fileRef = F42BDB6E2704A6980013A750 /* Next_episode_to_air.swift */; };
		F42BDB782704A6980013A750 /* Networks.swift in Sources */ = {isa = PBXBuildFile; fileRef = F42BDB6F2704A6980013A750 /* Networks.swift */; };
		F42BDB7A2704A6980013A750 /* Seasons.swift in Sources */ = {isa = PBXBuildFile; fileRef = F42BDB712704A6980013A750 /* Seasons.swift */; };
		F42BDB7C2704A8DA0013A750 /* TVShowViewModel.swift in Sources */ = {isa = PBXBuildFile; fileRef = F42BDB7B2704A8DA0013A750 /* TVShowViewModel.swift */; };
		F42BDB7E2704AD450013A750 /* TVShowDetailedNetworkService.swift in Sources */ = {isa = PBXBuildFile; fileRef = F42BDB7D2704AD450013A750 /* TVShowDetailedNetworkService.swift */; };
		F42BDB84270621A30013A750 /* SeasonsCollectionViewModel.swift in Sources */ = {isa = PBXBuildFile; fileRef = F42BDB83270621A30013A750 /* SeasonsCollectionViewModel.swift */; };
		F42BDB86270625350013A750 /* SeasonsCellCollectionViewModel.swift in Sources */ = {isa = PBXBuildFile; fileRef = F42BDB85270625350013A750 /* SeasonsCellCollectionViewModel.swift */; };
		F42BDB88270627060013A750 /* SeasonCollectionViewCell.swift in Sources */ = {isa = PBXBuildFile; fileRef = F42BDB87270627060013A750 /* SeasonCollectionViewCell.swift */; };
		F42BDB8E27088C230013A750 /* DELETE TVShowSeasonViewController.swift in Sources */ = {isa = PBXBuildFile; fileRef = F42BDB8D27088C230013A750 /* DELETE TVShowSeasonViewController.swift */; };
		F42BDB91270898B20013A750 /* TVShowSeasonViewModel.swift in Sources */ = {isa = PBXBuildFile; fileRef = F42BDB90270898B20013A750 /* TVShowSeasonViewModel.swift */; };
		F42BDB9327089C6B0013A750 /* TVShowSeasonNetworkService.swift in Sources */ = {isa = PBXBuildFile; fileRef = F42BDB9227089C6B0013A750 /* TVShowSeasonNetworkService.swift */; };
		F42BDB9627089DE70013A750 /* TVShowSeason.swift in Sources */ = {isa = PBXBuildFile; fileRef = F42BDB9427089DE70013A750 /* TVShowSeason.swift */; };
		F42BDB9727089DE70013A750 /* Episodes.swift in Sources */ = {isa = PBXBuildFile; fileRef = F42BDB9527089DE70013A750 /* Episodes.swift */; };
		F42BDB9927089F240013A750 /* Guest_stars.swift in Sources */ = {isa = PBXBuildFile; fileRef = F42BDB9827089F240013A750 /* Guest_stars.swift */; };
		F42BDBA12708AA030013A750 /* EpisodesTableViewViewModel.swift in Sources */ = {isa = PBXBuildFile; fileRef = F42BDBA02708AA030013A750 /* EpisodesTableViewViewModel.swift */; };
		F42BDBA32708BB770013A750 /* EpisodeCellViewModel.swift in Sources */ = {isa = PBXBuildFile; fileRef = F42BDBA22708BB770013A750 /* EpisodeCellViewModel.swift */; };
		F42BDBA52708C71A0013A750 /* EpisodeTableViewCell.swift in Sources */ = {isa = PBXBuildFile; fileRef = F42BDBA42708C71A0013A750 /* EpisodeTableViewCell.swift */; };
		F42BDBA9270ACC6F0013A750 /* DELETE StretchyTVShowSeasonTableHeaderView.swift in Sources */ = {isa = PBXBuildFile; fileRef = F42BDBA8270ACC6F0013A750 /* DELETE StretchyTVShowSeasonTableHeaderView.swift */; };
		F437C3B126EF515D00BC3ED0 /* SimilarMoviesCollectionNetworkService.swift in Sources */ = {isa = PBXBuildFile; fileRef = F437C3B026EF515D00BC3ED0 /* SimilarMoviesCollectionNetworkService.swift */; };
		F437C3B326EF530800BC3ED0 /* SimilarMoviesCollectionViewModel.swift in Sources */ = {isa = PBXBuildFile; fileRef = F437C3B226EF530800BC3ED0 /* SimilarMoviesCollectionViewModel.swift */; };
		F437C3B526EF5A0000BC3ED0 /* SimilarMoviesCellCollectionViewModel.swift in Sources */ = {isa = PBXBuildFile; fileRef = F437C3B426EF5A0000BC3ED0 /* SimilarMoviesCellCollectionViewModel.swift */; };
		F437C3BC26F0F49F00BC3ED0 /* ActorsCollectionViewModel.swift in Sources */ = {isa = PBXBuildFile; fileRef = F437C3BB26F0F49F00BC3ED0 /* ActorsCollectionViewModel.swift */; };
		F437C3BE26F2475D00BC3ED0 /* ActorsCellCollectionViewModel.swift in Sources */ = {isa = PBXBuildFile; fileRef = F437C3BD26F2475D00BC3ED0 /* ActorsCellCollectionViewModel.swift */; };
		F437C3C426F253A900BC3ED0 /* VideoPlayerViewModel.swift in Sources */ = {isa = PBXBuildFile; fileRef = F437C3C326F253A900BC3ED0 /* VideoPlayerViewModel.swift */; };
		F437C3C726F2548100BC3ED0 /* VideoPlayerNetworkService.swift in Sources */ = {isa = PBXBuildFile; fileRef = F437C3C626F2548100BC3ED0 /* VideoPlayerNetworkService.swift */; };
		F437C3CE26F3920600BC3ED0 /* ActorDetailedViewModel.swift in Sources */ = {isa = PBXBuildFile; fileRef = F437C3CD26F3920600BC3ED0 /* ActorDetailedViewModel.swift */; };
		F437C3D026F3933C00BC3ED0 /* ActorDetailedNetworkService.swift in Sources */ = {isa = PBXBuildFile; fileRef = F437C3CF26F3933C00BC3ED0 /* ActorDetailedNetworkService.swift */; };
		F437C3D726F3A01900BC3ED0 /* ActorMoviesCollectionNetworkService.swift in Sources */ = {isa = PBXBuildFile; fileRef = F437C3D626F3A01900BC3ED0 /* ActorMoviesCollectionNetworkService.swift */; };
		F437C3D926F3A15C00BC3ED0 /* ActorMoviesCollectionViewModel.swift in Sources */ = {isa = PBXBuildFile; fileRef = F437C3D826F3A15C00BC3ED0 /* ActorMoviesCollectionViewModel.swift */; };
		F437C3DB26F3A6C900BC3ED0 /* ActorMoviesCellCollectionViewModel.swift in Sources */ = {isa = PBXBuildFile; fileRef = F437C3DA26F3A6C900BC3ED0 /* ActorMoviesCellCollectionViewModel.swift */; };
		F43975E626E13ADA00262C7F /* PlayerViewController.swift in Sources */ = {isa = PBXBuildFile; fileRef = F43975E526E13ADA00262C7F /* PlayerViewController.swift */; };
		F43975EA26E27BF800262C7F /* ResultVideoMaterials.swift in Sources */ = {isa = PBXBuildFile; fileRef = F43975E826E27BF800262C7F /* ResultVideoMaterials.swift */; };
		F43975EB26E27BF800262C7F /* VideoMaterials.swift in Sources */ = {isa = PBXBuildFile; fileRef = F43975E926E27BF800262C7F /* VideoMaterials.swift */; };
		F43975F026E4694500262C7F /* MovieWithActor.swift in Sources */ = {isa = PBXBuildFile; fileRef = F43975ED26E4694500262C7F /* MovieWithActor.swift */; };
		F43975F126E4694500262C7F /* ResultActor.swift in Sources */ = {isa = PBXBuildFile; fileRef = F43975EE26E4694500262C7F /* ResultActor.swift */; };
		F43975F226E4694500262C7F /* MovieCrew.swift in Sources */ = {isa = PBXBuildFile; fileRef = F43975EF26E4694500262C7F /* MovieCrew.swift */; };
		F43975F626E46CF200262C7F /* ActorDetails.swift in Sources */ = {isa = PBXBuildFile; fileRef = F43975F526E46CF200262C7F /* ActorDetails.swift */; };
		F43975F826E48E4700262C7F /* ActorMoviesCollectionViewCell.swift in Sources */ = {isa = PBXBuildFile; fileRef = F43975F726E48E4700262C7F /* ActorMoviesCollectionViewCell.swift */; };
		F4498845270B3A4C001BA6DE /* TVShowSeasonScrollViewController.swift in Sources */ = {isa = PBXBuildFile; fileRef = F4498844270B3A4C001BA6DE /* TVShowSeasonScrollViewController.swift */; };
		F4498848270CB0C9001BA6DE /* StarsLevel.swift in Sources */ = {isa = PBXBuildFile; fileRef = F4498847270CB0C9001BA6DE /* StarsLevel.swift */; };
		F449884B270F38FE001BA6DE /* StartFavoritesViewController.swift in Sources */ = {isa = PBXBuildFile; fileRef = F449884A270F38FE001BA6DE /* StartFavoritesViewController.swift */; };
		F44C9B6C26D3556500B663CC /* MoviesViewController.swift in Sources */ = {isa = PBXBuildFile; fileRef = F44C9B6B26D3556500B663CC /* MoviesViewController.swift */; };
		F44C9B7026D355C600B663CC /* FavoriteMovieViewController.swift in Sources */ = {isa = PBXBuildFile; fileRef = F44C9B6F26D355C600B663CC /* FavoriteMovieViewController.swift */; };
		F44C9B7226D355F200B663CC /* MovieDetailedScrollViewController.swift in Sources */ = {isa = PBXBuildFile; fileRef = F44C9B7126D355F200B663CC /* MovieDetailedScrollViewController.swift */; };
		F44C9B7726D356A200B663CC /* ListCellTableView.swift in Sources */ = {isa = PBXBuildFile; fileRef = F44C9B7526D356A200B663CC /* ListCellTableView.swift */; };
		F44C9B7826D356A200B663CC /* ListCellTableView.xib in Resources */ = {isa = PBXBuildFile; fileRef = F44C9B7626D356A200B663CC /* ListCellTableView.xib */; };
		F44C9B7C26D3616900B663CC /* MovieRealm.swift in Sources */ = {isa = PBXBuildFile; fileRef = F44C9B7B26D3616900B663CC /* MovieRealm.swift */; };
		F44C9B8026D361C600B663CC /* ResultMoviesTrendingDay.swift in Sources */ = {isa = PBXBuildFile; fileRef = F44C9B7F26D361C600B663CC /* ResultMoviesTrendingDay.swift */; };
		F44C9B8226D361EA00B663CC /* Movie.swift in Sources */ = {isa = PBXBuildFile; fileRef = F44C9B8126D361EA00B663CC /* Movie.swift */; };
		F44C9B8526D3621900B663CC /* Genres.swift in Sources */ = {isa = PBXBuildFile; fileRef = F44C9B8426D3621900B663CC /* Genres.swift */; };
		F44C9B8726D3626600B663CC /* ResultGenres.swift in Sources */ = {isa = PBXBuildFile; fileRef = F44C9B8626D3626600B663CC /* ResultGenres.swift */; };
		F44C9B8B26D3633F00B663CC /* RealmManager.swift in Sources */ = {isa = PBXBuildFile; fileRef = F44C9B8A26D3633F00B663CC /* RealmManager.swift */; };
		F48C0EF126D35273000D280D /* AppDelegate.swift in Sources */ = {isa = PBXBuildFile; fileRef = F48C0EF026D35273000D280D /* AppDelegate.swift */; };
		F48C0EF326D35273000D280D /* SceneDelegate.swift in Sources */ = {isa = PBXBuildFile; fileRef = F48C0EF226D35273000D280D /* SceneDelegate.swift */; };
		F48C0EF826D35273000D280D /* Main.storyboard in Resources */ = {isa = PBXBuildFile; fileRef = F48C0EF626D35273000D280D /* Main.storyboard */; };
		F48C0EFA26D35275000D280D /* Assets.xcassets in Resources */ = {isa = PBXBuildFile; fileRef = F48C0EF926D35275000D280D /* Assets.xcassets */; };
		F48C0EFD26D35275000D280D /* LaunchScreen.storyboard in Resources */ = {isa = PBXBuildFile; fileRef = F48C0EFB26D35275000D280D /* LaunchScreen.storyboard */; };
		F4A2E53026DE8D880015CF46 /* SimilarMovieCollectionViewCell.swift in Sources */ = {isa = PBXBuildFile; fileRef = F4A2E52F26DE8D880015CF46 /* SimilarMovieCollectionViewCell.swift */; };
		F4A2E53426DE99EF0015CF46 /* SimilarMovie.swift in Sources */ = {isa = PBXBuildFile; fileRef = F4A2E53226DE99EF0015CF46 /* SimilarMovie.swift */; };
		F4A2E53526DE99EF0015CF46 /* ResultSimilarMovies.swift in Sources */ = {isa = PBXBuildFile; fileRef = F4A2E53326DE99EF0015CF46 /* ResultSimilarMovies.swift */; };
		F4B3A98A271D3AEC00A6E476 /* UIColorExtension.swift in Sources */ = {isa = PBXBuildFile; fileRef = F4B3A989271D3AEC00A6E476 /* UIColorExtension.swift */; };
		F4B3A993271D65CE00A6E476 /* SimilarTvShow.swift in Sources */ = {isa = PBXBuildFile; fileRef = F4B3A991271D65CE00A6E476 /* SimilarTvShow.swift */; };
		F4B3A994271D65CE00A6E476 /* ResultSimilarTvShow.swift in Sources */ = {isa = PBXBuildFile; fileRef = F4B3A992271D65CE00A6E476 /* ResultSimilarTvShow.swift */; };
		F4B5286C26F770E80050D211 /* TabsView.swift in Sources */ = {isa = PBXBuildFile; fileRef = F4B5286B26F770E80050D211 /* TabsView.swift */; };
		F4B5286E26F775FB0050D211 /* TabCell.swift in Sources */ = {isa = PBXBuildFile; fileRef = F4B5286D26F775FB0050D211 /* TabCell.swift */; };
		F4B5287026F78CBA0050D211 /* TabsPageViewConroller.swift in Sources */ = {isa = PBXBuildFile; fileRef = F4B5286F26F78CBA0050D211 /* TabsPageViewConroller.swift */; };
		F4B5287226F78DE10050D211 /* TVShowsViewConroller.swift in Sources */ = {isa = PBXBuildFile; fileRef = F4B5287126F78DE10050D211 /* TVShowsViewConroller.swift */; };
		F4B5287426F78E3D0050D211 /* Demo2ViewConroller.swift in Sources */ = {isa = PBXBuildFile; fileRef = F4B5287326F78E3D0050D211 /* Demo2ViewConroller.swift */; };
		F4B5287626F84AFB0050D211 /* StartViewController.swift in Sources */ = {isa = PBXBuildFile; fileRef = F4B5287526F84AFB0050D211 /* StartViewController.swift */; };
		F4B5287F26F8A46B0050D211 /* TVShowsTrendingTableViewModel.swift in Sources */ = {isa = PBXBuildFile; fileRef = F4B5287E26F8A46B0050D211 /* TVShowsTrendingTableViewModel.swift */; };
		F4B5288226F8A56D0050D211 /* ResultTVShowsTrendingDay.swift in Sources */ = {isa = PBXBuildFile; fileRef = F4B5288026F8A56D0050D211 /* ResultTVShowsTrendingDay.swift */; };
		F4B5288326F8A56D0050D211 /* TVShow.swift in Sources */ = {isa = PBXBuildFile; fileRef = F4B5288126F8A56D0050D211 /* TVShow.swift */; };
		F4B5288526F8A71A0050D211 /* TVShowsTrendingNetworkService.swift in Sources */ = {isa = PBXBuildFile; fileRef = F4B5288426F8A71A0050D211 /* TVShowsTrendingNetworkService.swift */; };
		F4ECB5A126D956E900A5F079 /* Crew.swift in Sources */ = {isa = PBXBuildFile; fileRef = F4ECB59626D956E800A5F079 /* Crew.swift */; };
		F4ECB5A226D956E900A5F079 /* Images.swift in Sources */ = {isa = PBXBuildFile; fileRef = F4ECB59726D956E800A5F079 /* Images.swift */; };
		F4ECB5A326D956E900A5F079 /* Cast.swift in Sources */ = {isa = PBXBuildFile; fileRef = F4ECB59826D956E800A5F079 /* Cast.swift */; };
		F4ECB5A426D956E900A5F079 /* Credits.swift in Sources */ = {isa = PBXBuildFile; fileRef = F4ECB59926D956E800A5F079 /* Credits.swift */; };
		F4ECB5A526D956E900A5F079 /* TV.swift in Sources */ = {isa = PBXBuildFile; fileRef = F4ECB59A26D956E800A5F079 /* TV.swift */; };
		F4ECB5A626D956E900A5F079 /* spokenLanguages.swift in Sources */ = {isa = PBXBuildFile; fileRef = F4ECB59B26D956E800A5F079 /* spokenLanguages.swift */; };
		F4ECB5A726D956E900A5F079 /* Videos.swift in Sources */ = {isa = PBXBuildFile; fileRef = F4ECB59C26D956E800A5F079 /* Videos.swift */; };
		F4ECB5A826D956E900A5F079 /* BelongsToCollection.swift in Sources */ = {isa = PBXBuildFile; fileRef = F4ECB59D26D956E900A5F079 /* BelongsToCollection.swift */; };
		F4ECB5A926D956E900A5F079 /* ProductionCountries.swift in Sources */ = {isa = PBXBuildFile; fileRef = F4ECB59E26D956E900A5F079 /* ProductionCountries.swift */; };
		F4ECB5AA26D956E900A5F079 /* ProductionCompanies.swift in Sources */ = {isa = PBXBuildFile; fileRef = F4ECB59F26D956E900A5F079 /* ProductionCompanies.swift */; };
		F4ECB5AB26D956E900A5F079 /* MovieDetailsEN.swift in Sources */ = {isa = PBXBuildFile; fileRef = F4ECB5A026D956E900A5F079 /* MovieDetailsEN.swift */; };
		F4ECB5AD26DA7F1C00A5F079 /* ActorDetailedScrollViewController.swift in Sources */ = {isa = PBXBuildFile; fileRef = F4ECB5AC26DA7F1C00A5F079 /* ActorDetailedScrollViewController.swift */; };
		F4ECB5AF26DBB39C00A5F079 /* ActorCollectionViewCell.swift in Sources */ = {isa = PBXBuildFile; fileRef = F4ECB5AE26DBB39C00A5F079 /* ActorCollectionViewCell.swift */; };
		F4F118AE26E5FFF400510265 /* Logos.swift in Sources */ = {isa = PBXBuildFile; fileRef = F4F118AC26E5FFF300510265 /* Logos.swift */; };
		F4F118AF26E5FFF400510265 /* ResultProductionCompanyLogo.swift in Sources */ = {isa = PBXBuildFile; fileRef = F4F118AD26E5FFF400510265 /* ResultProductionCompanyLogo.swift */; };
		F4F118B626EA657E00510265 /* NetworkService.swift in Sources */ = {isa = PBXBuildFile; fileRef = F4F118B526EA657E00510265 /* NetworkService.swift */; };
		F4F118B926EA68EE00510265 /* Constants.swift in Sources */ = {isa = PBXBuildFile; fileRef = F4F118B826EA68EE00510265 /* Constants.swift */; };
		F4F118BC26EA6CB500510265 /* MoviesTrendingNetworkService.swift in Sources */ = {isa = PBXBuildFile; fileRef = F4F118BB26EA6CB500510265 /* MoviesTrendingNetworkService.swift */; };
		F4F118C926ECCFA400510265 /* MoviesTrendingTableViewViewModel.swift in Sources */ = {isa = PBXBuildFile; fileRef = F4F118C826ECCFA400510265 /* MoviesTrendingTableViewViewModel.swift */; };
		F4F118CB26ECE0B700510265 /* MoviesTrendingCellViewModel.swift in Sources */ = {isa = PBXBuildFile; fileRef = F4F118CA26ECE0B700510265 /* MoviesTrendingCellViewModel.swift */; };
		F4F118CF26ECE72300510265 /* DateFormat.swift in Sources */ = {isa = PBXBuildFile; fileRef = F4F118CE26ECE72300510265 /* DateFormat.swift */; };
		F4F118D626ED0CB900510265 /* ArrayExtensions.swift in Sources */ = {isa = PBXBuildFile; fileRef = F4F118D526ED0CB900510265 /* ArrayExtensions.swift */; };
		F4F118D826ED0D2000510265 /* StringExtension.swift in Sources */ = {isa = PBXBuildFile; fileRef = F4F118D726ED0D2000510265 /* StringExtension.swift */; };
		F4F118DC26EDA06B00510265 /* ListOfGenres.swift in Sources */ = {isa = PBXBuildFile; fileRef = F4F118DB26EDA06B00510265 /* ListOfGenres.swift */; };
		F4F118E526EDA7EB00510265 /* FavoriteMoviesTableViewViewModel.swift in Sources */ = {isa = PBXBuildFile; fileRef = F4F118E426EDA7EB00510265 /* FavoriteMoviesTableViewViewModel.swift */; };
		F4F118EB26EDB0DA00510265 /* MovieDetailedViewModel.swift in Sources */ = {isa = PBXBuildFile; fileRef = F4F118EA26EDB0DA00510265 /* MovieDetailedViewModel.swift */; };
		F4F118EE26EDB5C700510265 /* MovieDetailedNetworkService.swift in Sources */ = {isa = PBXBuildFile; fileRef = F4F118ED26EDB5C700510265 /* MovieDetailedNetworkService.swift */; };
		F4F28BE42711E52200D68144 /* FavoriteTVShowViewController.swift in Sources */ = {isa = PBXBuildFile; fileRef = F4F28BE32711E52200D68144 /* FavoriteTVShowViewController.swift */; };
		F4F28BE62711E55E00D68144 /* TVShowRealm.swift in Sources */ = {isa = PBXBuildFile; fileRef = F4F28BE52711E55E00D68144 /* TVShowRealm.swift */; };
		F4F28BE82711F0DD00D68144 /* RealmManagerTVShow.swift in Sources */ = {isa = PBXBuildFile; fileRef = F4F28BE72711F0DD00D68144 /* RealmManagerTVShow.swift */; };
		F4F28BEA2711F5B600D68144 /* FavoriteTVShowTableViewViewModel.swift in Sources */ = {isa = PBXBuildFile; fileRef = F4F28BE92711F5B600D68144 /* FavoriteTVShowTableViewViewModel.swift */; };
/* End PBXBuildFile section */

/* Begin PBXFileReference section */
		9F22B05114B0761F1D33064B /* Pods_Movieooze.framework */ = {isa = PBXFileReference; explicitFileType = wrapper.framework; includeInIndex = 0; path = Pods_Movieooze.framework; sourceTree = BUILT_PRODUCTS_DIR; };
		A7B8B73E3FAE71E31811CF06 /* Pods-Movieooze.release.xcconfig */ = {isa = PBXFileReference; includeInIndex = 1; lastKnownFileType = text.xcconfig; name = "Pods-Movieooze.release.xcconfig"; path = "Target Support Files/Pods-Movieooze/Pods-Movieooze.release.xcconfig"; sourceTree = "<group>"; };
		ADE21347BDBD6723E33E3A48 /* Pods-Movieooze.debug.xcconfig */ = {isa = PBXFileReference; includeInIndex = 1; lastKnownFileType = text.xcconfig; name = "Pods-Movieooze.debug.xcconfig"; path = "Target Support Files/Pods-Movieooze/Pods-Movieooze.debug.xcconfig"; sourceTree = "<group>"; };
		F42BDB5C26FA1BB00013A750 /* TVShowTrendingCellViewModel.swift */ = {isa = PBXFileReference; lastKnownFileType = sourcecode.swift; path = TVShowTrendingCellViewModel.swift; sourceTree = "<group>"; };
		F42BDB6726FD920A0013A750 /* TvShowDetailedScrollViewController.swift */ = {isa = PBXFileReference; lastKnownFileType = sourcecode.swift; path = TvShowDetailedScrollViewController.swift; sourceTree = "<group>"; };
		F42BDB6A2704A6970013A750 /* Spoken_languages.swift */ = {isa = PBXFileReference; fileEncoding = 4; lastKnownFileType = sourcecode.swift; path = Spoken_languages.swift; sourceTree = "<group>"; };
		F42BDB6B2704A6970013A750 /* TVShowDetails.swift */ = {isa = PBXFileReference; fileEncoding = 4; lastKnownFileType = sourcecode.swift; path = TVShowDetails.swift; sourceTree = "<group>"; };
		F42BDB6C2704A6970013A750 /* Last_episode_to_air.swift */ = {isa = PBXFileReference; fileEncoding = 4; lastKnownFileType = sourcecode.swift; path = Last_episode_to_air.swift; sourceTree = "<group>"; };
		F42BDB6D2704A6980013A750 /* Created_by.swift */ = {isa = PBXFileReference; fileEncoding = 4; lastKnownFileType = sourcecode.swift; path = Created_by.swift; sourceTree = "<group>"; };
		F42BDB6E2704A6980013A750 /* Next_episode_to_air.swift */ = {isa = PBXFileReference; fileEncoding = 4; lastKnownFileType = sourcecode.swift; path = Next_episode_to_air.swift; sourceTree = "<group>"; };
		F42BDB6F2704A6980013A750 /* Networks.swift */ = {isa = PBXFileReference; fileEncoding = 4; lastKnownFileType = sourcecode.swift; path = Networks.swift; sourceTree = "<group>"; };
		F42BDB712704A6980013A750 /* Seasons.swift */ = {isa = PBXFileReference; fileEncoding = 4; lastKnownFileType = sourcecode.swift; path = Seasons.swift; sourceTree = "<group>"; };
		F42BDB7B2704A8DA0013A750 /* TVShowViewModel.swift */ = {isa = PBXFileReference; lastKnownFileType = sourcecode.swift; path = TVShowViewModel.swift; sourceTree = "<group>"; };
		F42BDB7D2704AD450013A750 /* TVShowDetailedNetworkService.swift */ = {isa = PBXFileReference; lastKnownFileType = sourcecode.swift; path = TVShowDetailedNetworkService.swift; sourceTree = "<group>"; };
		F42BDB83270621A30013A750 /* SeasonsCollectionViewModel.swift */ = {isa = PBXFileReference; lastKnownFileType = sourcecode.swift; path = SeasonsCollectionViewModel.swift; sourceTree = "<group>"; };
		F42BDB85270625350013A750 /* SeasonsCellCollectionViewModel.swift */ = {isa = PBXFileReference; lastKnownFileType = sourcecode.swift; path = SeasonsCellCollectionViewModel.swift; sourceTree = "<group>"; };
		F42BDB87270627060013A750 /* SeasonCollectionViewCell.swift */ = {isa = PBXFileReference; lastKnownFileType = sourcecode.swift; path = SeasonCollectionViewCell.swift; sourceTree = "<group>"; };
		F42BDB8D27088C230013A750 /* DELETE TVShowSeasonViewController.swift */ = {isa = PBXFileReference; lastKnownFileType = sourcecode.swift; path = "DELETE TVShowSeasonViewController.swift"; sourceTree = "<group>"; };
		F42BDB90270898B20013A750 /* TVShowSeasonViewModel.swift */ = {isa = PBXFileReference; lastKnownFileType = sourcecode.swift; path = TVShowSeasonViewModel.swift; sourceTree = "<group>"; };
		F42BDB9227089C6B0013A750 /* TVShowSeasonNetworkService.swift */ = {isa = PBXFileReference; lastKnownFileType = sourcecode.swift; path = TVShowSeasonNetworkService.swift; sourceTree = "<group>"; };
		F42BDB9427089DE70013A750 /* TVShowSeason.swift */ = {isa = PBXFileReference; fileEncoding = 4; lastKnownFileType = sourcecode.swift; path = TVShowSeason.swift; sourceTree = "<group>"; };
		F42BDB9527089DE70013A750 /* Episodes.swift */ = {isa = PBXFileReference; fileEncoding = 4; lastKnownFileType = sourcecode.swift; path = Episodes.swift; sourceTree = "<group>"; };
		F42BDB9827089F240013A750 /* Guest_stars.swift */ = {isa = PBXFileReference; fileEncoding = 4; lastKnownFileType = sourcecode.swift; path = Guest_stars.swift; sourceTree = "<group>"; };
		F42BDBA02708AA030013A750 /* EpisodesTableViewViewModel.swift */ = {isa = PBXFileReference; lastKnownFileType = sourcecode.swift; path = EpisodesTableViewViewModel.swift; sourceTree = "<group>"; };
		F42BDBA22708BB770013A750 /* EpisodeCellViewModel.swift */ = {isa = PBXFileReference; lastKnownFileType = sourcecode.swift; path = EpisodeCellViewModel.swift; sourceTree = "<group>"; };
		F42BDBA42708C71A0013A750 /* EpisodeTableViewCell.swift */ = {isa = PBXFileReference; lastKnownFileType = sourcecode.swift; path = EpisodeTableViewCell.swift; sourceTree = "<group>"; };
		F42BDBA8270ACC6F0013A750 /* DELETE StretchyTVShowSeasonTableHeaderView.swift */ = {isa = PBXFileReference; lastKnownFileType = sourcecode.swift; path = "DELETE StretchyTVShowSeasonTableHeaderView.swift"; sourceTree = "<group>"; };
		F437C3B026EF515D00BC3ED0 /* SimilarMoviesCollectionNetworkService.swift */ = {isa = PBXFileReference; lastKnownFileType = sourcecode.swift; path = SimilarMoviesCollectionNetworkService.swift; sourceTree = "<group>"; };
		F437C3B226EF530800BC3ED0 /* SimilarMoviesCollectionViewModel.swift */ = {isa = PBXFileReference; lastKnownFileType = sourcecode.swift; path = SimilarMoviesCollectionViewModel.swift; sourceTree = "<group>"; };
		F437C3B426EF5A0000BC3ED0 /* SimilarMoviesCellCollectionViewModel.swift */ = {isa = PBXFileReference; lastKnownFileType = sourcecode.swift; path = SimilarMoviesCellCollectionViewModel.swift; sourceTree = "<group>"; };
		F437C3BB26F0F49F00BC3ED0 /* ActorsCollectionViewModel.swift */ = {isa = PBXFileReference; lastKnownFileType = sourcecode.swift; path = ActorsCollectionViewModel.swift; sourceTree = "<group>"; };
		F437C3BD26F2475D00BC3ED0 /* ActorsCellCollectionViewModel.swift */ = {isa = PBXFileReference; lastKnownFileType = sourcecode.swift; path = ActorsCellCollectionViewModel.swift; sourceTree = "<group>"; };
		F437C3C326F253A900BC3ED0 /* VideoPlayerViewModel.swift */ = {isa = PBXFileReference; lastKnownFileType = sourcecode.swift; path = VideoPlayerViewModel.swift; sourceTree = "<group>"; };
		F437C3C626F2548100BC3ED0 /* VideoPlayerNetworkService.swift */ = {isa = PBXFileReference; lastKnownFileType = sourcecode.swift; path = VideoPlayerNetworkService.swift; sourceTree = "<group>"; };
		F437C3CD26F3920600BC3ED0 /* ActorDetailedViewModel.swift */ = {isa = PBXFileReference; lastKnownFileType = sourcecode.swift; path = ActorDetailedViewModel.swift; sourceTree = "<group>"; };
		F437C3CF26F3933C00BC3ED0 /* ActorDetailedNetworkService.swift */ = {isa = PBXFileReference; lastKnownFileType = sourcecode.swift; path = ActorDetailedNetworkService.swift; sourceTree = "<group>"; };
		F437C3D626F3A01900BC3ED0 /* ActorMoviesCollectionNetworkService.swift */ = {isa = PBXFileReference; lastKnownFileType = sourcecode.swift; path = ActorMoviesCollectionNetworkService.swift; sourceTree = "<group>"; };
		F437C3D826F3A15C00BC3ED0 /* ActorMoviesCollectionViewModel.swift */ = {isa = PBXFileReference; lastKnownFileType = sourcecode.swift; path = ActorMoviesCollectionViewModel.swift; sourceTree = "<group>"; };
		F437C3DA26F3A6C900BC3ED0 /* ActorMoviesCellCollectionViewModel.swift */ = {isa = PBXFileReference; lastKnownFileType = sourcecode.swift; path = ActorMoviesCellCollectionViewModel.swift; sourceTree = "<group>"; };
		F43975E526E13ADA00262C7F /* PlayerViewController.swift */ = {isa = PBXFileReference; lastKnownFileType = sourcecode.swift; path = PlayerViewController.swift; sourceTree = "<group>"; };
		F43975E826E27BF800262C7F /* ResultVideoMaterials.swift */ = {isa = PBXFileReference; fileEncoding = 4; lastKnownFileType = sourcecode.swift; path = ResultVideoMaterials.swift; sourceTree = "<group>"; };
		F43975E926E27BF800262C7F /* VideoMaterials.swift */ = {isa = PBXFileReference; fileEncoding = 4; lastKnownFileType = sourcecode.swift; path = VideoMaterials.swift; sourceTree = "<group>"; };
		F43975ED26E4694500262C7F /* MovieWithActor.swift */ = {isa = PBXFileReference; fileEncoding = 4; lastKnownFileType = sourcecode.swift; path = MovieWithActor.swift; sourceTree = "<group>"; };
		F43975EE26E4694500262C7F /* ResultActor.swift */ = {isa = PBXFileReference; fileEncoding = 4; lastKnownFileType = sourcecode.swift; path = ResultActor.swift; sourceTree = "<group>"; };
		F43975EF26E4694500262C7F /* MovieCrew.swift */ = {isa = PBXFileReference; fileEncoding = 4; lastKnownFileType = sourcecode.swift; path = MovieCrew.swift; sourceTree = "<group>"; };
		F43975F526E46CF200262C7F /* ActorDetails.swift */ = {isa = PBXFileReference; fileEncoding = 4; lastKnownFileType = sourcecode.swift; path = ActorDetails.swift; sourceTree = "<group>"; };
		F43975F726E48E4700262C7F /* ActorMoviesCollectionViewCell.swift */ = {isa = PBXFileReference; lastKnownFileType = sourcecode.swift; path = ActorMoviesCollectionViewCell.swift; sourceTree = "<group>"; };
		F4498844270B3A4C001BA6DE /* TVShowSeasonScrollViewController.swift */ = {isa = PBXFileReference; lastKnownFileType = sourcecode.swift; path = TVShowSeasonScrollViewController.swift; sourceTree = "<group>"; };
		F4498847270CB0C9001BA6DE /* StarsLevel.swift */ = {isa = PBXFileReference; lastKnownFileType = sourcecode.swift; path = StarsLevel.swift; sourceTree = "<group>"; };
		F449884A270F38FE001BA6DE /* StartFavoritesViewController.swift */ = {isa = PBXFileReference; lastKnownFileType = sourcecode.swift; path = StartFavoritesViewController.swift; sourceTree = "<group>"; };
		F44C9B6B26D3556500B663CC /* MoviesViewController.swift */ = {isa = PBXFileReference; lastKnownFileType = sourcecode.swift; path = MoviesViewController.swift; sourceTree = "<group>"; };
		F44C9B6F26D355C600B663CC /* FavoriteMovieViewController.swift */ = {isa = PBXFileReference; lastKnownFileType = sourcecode.swift; path = FavoriteMovieViewController.swift; sourceTree = "<group>"; };
		F44C9B7126D355F200B663CC /* MovieDetailedScrollViewController.swift */ = {isa = PBXFileReference; lastKnownFileType = sourcecode.swift; path = MovieDetailedScrollViewController.swift; sourceTree = "<group>"; };
		F44C9B7526D356A200B663CC /* ListCellTableView.swift */ = {isa = PBXFileReference; lastKnownFileType = sourcecode.swift; path = ListCellTableView.swift; sourceTree = "<group>"; };
		F44C9B7626D356A200B663CC /* ListCellTableView.xib */ = {isa = PBXFileReference; lastKnownFileType = file.xib; path = ListCellTableView.xib; sourceTree = "<group>"; };
		F44C9B7B26D3616900B663CC /* MovieRealm.swift */ = {isa = PBXFileReference; lastKnownFileType = sourcecode.swift; path = MovieRealm.swift; sourceTree = "<group>"; };
		F44C9B7F26D361C600B663CC /* ResultMoviesTrendingDay.swift */ = {isa = PBXFileReference; lastKnownFileType = sourcecode.swift; path = ResultMoviesTrendingDay.swift; sourceTree = "<group>"; };
		F44C9B8126D361EA00B663CC /* Movie.swift */ = {isa = PBXFileReference; lastKnownFileType = sourcecode.swift; path = Movie.swift; sourceTree = "<group>"; };
		F44C9B8426D3621900B663CC /* Genres.swift */ = {isa = PBXFileReference; lastKnownFileType = sourcecode.swift; path = Genres.swift; sourceTree = "<group>"; };
		F44C9B8626D3626600B663CC /* ResultGenres.swift */ = {isa = PBXFileReference; lastKnownFileType = sourcecode.swift; path = ResultGenres.swift; sourceTree = "<group>"; };
		F44C9B8A26D3633F00B663CC /* RealmManager.swift */ = {isa = PBXFileReference; lastKnownFileType = sourcecode.swift; path = RealmManager.swift; sourceTree = "<group>"; };
		F48C0EED26D35273000D280D /* Movieooze.app */ = {isa = PBXFileReference; explicitFileType = wrapper.application; includeInIndex = 0; path = Movieooze.app; sourceTree = BUILT_PRODUCTS_DIR; };
		F48C0EF026D35273000D280D /* AppDelegate.swift */ = {isa = PBXFileReference; lastKnownFileType = sourcecode.swift; path = AppDelegate.swift; sourceTree = "<group>"; };
		F48C0EF226D35273000D280D /* SceneDelegate.swift */ = {isa = PBXFileReference; lastKnownFileType = sourcecode.swift; path = SceneDelegate.swift; sourceTree = "<group>"; };
		F48C0EF726D35273000D280D /* Base */ = {isa = PBXFileReference; lastKnownFileType = file.storyboard; name = Base; path = Base.lproj/Main.storyboard; sourceTree = "<group>"; };
		F48C0EF926D35275000D280D /* Assets.xcassets */ = {isa = PBXFileReference; lastKnownFileType = folder.assetcatalog; path = Assets.xcassets; sourceTree = "<group>"; };
		F48C0EFC26D35275000D280D /* Base */ = {isa = PBXFileReference; lastKnownFileType = file.storyboard; name = Base; path = Base.lproj/LaunchScreen.storyboard; sourceTree = "<group>"; };
		F48C0EFE26D35275000D280D /* Info.plist */ = {isa = PBXFileReference; lastKnownFileType = text.plist.xml; path = Info.plist; sourceTree = "<group>"; };
		F4A2E52F26DE8D880015CF46 /* SimilarMovieCollectionViewCell.swift */ = {isa = PBXFileReference; lastKnownFileType = sourcecode.swift; path = SimilarMovieCollectionViewCell.swift; sourceTree = "<group>"; };
		F4A2E53226DE99EF0015CF46 /* SimilarMovie.swift */ = {isa = PBXFileReference; fileEncoding = 4; lastKnownFileType = sourcecode.swift; path = SimilarMovie.swift; sourceTree = "<group>"; };
		F4A2E53326DE99EF0015CF46 /* ResultSimilarMovies.swift */ = {isa = PBXFileReference; fileEncoding = 4; lastKnownFileType = sourcecode.swift; path = ResultSimilarMovies.swift; sourceTree = "<group>"; };
		F4B3A989271D3AEC00A6E476 /* UIColorExtension.swift */ = {isa = PBXFileReference; lastKnownFileType = sourcecode.swift; path = UIColorExtension.swift; sourceTree = "<group>"; };
		F4B3A991271D65CE00A6E476 /* SimilarTvShow.swift */ = {isa = PBXFileReference; fileEncoding = 4; lastKnownFileType = sourcecode.swift; path = SimilarTvShow.swift; sourceTree = "<group>"; };
		F4B3A992271D65CE00A6E476 /* ResultSimilarTvShow.swift */ = {isa = PBXFileReference; fileEncoding = 4; lastKnownFileType = sourcecode.swift; path = ResultSimilarTvShow.swift; sourceTree = "<group>"; };
		F4B5286B26F770E80050D211 /* TabsView.swift */ = {isa = PBXFileReference; lastKnownFileType = sourcecode.swift; path = TabsView.swift; sourceTree = "<group>"; };
		F4B5286D26F775FB0050D211 /* TabCell.swift */ = {isa = PBXFileReference; lastKnownFileType = sourcecode.swift; path = TabCell.swift; sourceTree = "<group>"; };
		F4B5286F26F78CBA0050D211 /* TabsPageViewConroller.swift */ = {isa = PBXFileReference; lastKnownFileType = sourcecode.swift; path = TabsPageViewConroller.swift; sourceTree = "<group>"; };
		F4B5287126F78DE10050D211 /* TVShowsViewConroller.swift */ = {isa = PBXFileReference; lastKnownFileType = sourcecode.swift; path = TVShowsViewConroller.swift; sourceTree = "<group>"; };
		F4B5287326F78E3D0050D211 /* Demo2ViewConroller.swift */ = {isa = PBXFileReference; lastKnownFileType = sourcecode.swift; path = Demo2ViewConroller.swift; sourceTree = "<group>"; };
		F4B5287526F84AFB0050D211 /* StartViewController.swift */ = {isa = PBXFileReference; lastKnownFileType = sourcecode.swift; path = StartViewController.swift; sourceTree = "<group>"; };
		F4B5287E26F8A46B0050D211 /* TVShowsTrendingTableViewModel.swift */ = {isa = PBXFileReference; lastKnownFileType = sourcecode.swift; path = TVShowsTrendingTableViewModel.swift; sourceTree = "<group>"; };
		F4B5288026F8A56D0050D211 /* ResultTVShowsTrendingDay.swift */ = {isa = PBXFileReference; fileEncoding = 4; lastKnownFileType = sourcecode.swift; path = ResultTVShowsTrendingDay.swift; sourceTree = "<group>"; };
		F4B5288126F8A56D0050D211 /* TVShow.swift */ = {isa = PBXFileReference; fileEncoding = 4; lastKnownFileType = sourcecode.swift; path = TVShow.swift; sourceTree = "<group>"; };
		F4B5288426F8A71A0050D211 /* TVShowsTrendingNetworkService.swift */ = {isa = PBXFileReference; lastKnownFileType = sourcecode.swift; path = TVShowsTrendingNetworkService.swift; sourceTree = "<group>"; };
		F4ECB59626D956E800A5F079 /* Crew.swift */ = {isa = PBXFileReference; fileEncoding = 4; lastKnownFileType = sourcecode.swift; path = Crew.swift; sourceTree = "<group>"; };
		F4ECB59726D956E800A5F079 /* Images.swift */ = {isa = PBXFileReference; fileEncoding = 4; lastKnownFileType = sourcecode.swift; path = Images.swift; sourceTree = "<group>"; };
		F4ECB59826D956E800A5F079 /* Cast.swift */ = {isa = PBXFileReference; fileEncoding = 4; lastKnownFileType = sourcecode.swift; path = Cast.swift; sourceTree = "<group>"; };
		F4ECB59926D956E800A5F079 /* Credits.swift */ = {isa = PBXFileReference; fileEncoding = 4; lastKnownFileType = sourcecode.swift; path = Credits.swift; sourceTree = "<group>"; };
		F4ECB59A26D956E800A5F079 /* TV.swift */ = {isa = PBXFileReference; fileEncoding = 4; lastKnownFileType = sourcecode.swift; path = TV.swift; sourceTree = "<group>"; };
		F4ECB59B26D956E800A5F079 /* spokenLanguages.swift */ = {isa = PBXFileReference; fileEncoding = 4; lastKnownFileType = sourcecode.swift; path = spokenLanguages.swift; sourceTree = "<group>"; };
		F4ECB59C26D956E800A5F079 /* Videos.swift */ = {isa = PBXFileReference; fileEncoding = 4; lastKnownFileType = sourcecode.swift; path = Videos.swift; sourceTree = "<group>"; };
		F4ECB59D26D956E900A5F079 /* BelongsToCollection.swift */ = {isa = PBXFileReference; fileEncoding = 4; lastKnownFileType = sourcecode.swift; path = BelongsToCollection.swift; sourceTree = "<group>"; };
		F4ECB59E26D956E900A5F079 /* ProductionCountries.swift */ = {isa = PBXFileReference; fileEncoding = 4; lastKnownFileType = sourcecode.swift; path = ProductionCountries.swift; sourceTree = "<group>"; };
		F4ECB59F26D956E900A5F079 /* ProductionCompanies.swift */ = {isa = PBXFileReference; fileEncoding = 4; lastKnownFileType = sourcecode.swift; path = ProductionCompanies.swift; sourceTree = "<group>"; };
		F4ECB5A026D956E900A5F079 /* MovieDetailsEN.swift */ = {isa = PBXFileReference; fileEncoding = 4; lastKnownFileType = sourcecode.swift; path = MovieDetailsEN.swift; sourceTree = "<group>"; };
		F4ECB5AC26DA7F1C00A5F079 /* ActorDetailedScrollViewController.swift */ = {isa = PBXFileReference; lastKnownFileType = sourcecode.swift; path = ActorDetailedScrollViewController.swift; sourceTree = "<group>"; };
		F4ECB5AE26DBB39C00A5F079 /* ActorCollectionViewCell.swift */ = {isa = PBXFileReference; lastKnownFileType = sourcecode.swift; path = ActorCollectionViewCell.swift; sourceTree = "<group>"; };
		F4F118AC26E5FFF300510265 /* Logos.swift */ = {isa = PBXFileReference; fileEncoding = 4; lastKnownFileType = sourcecode.swift; path = Logos.swift; sourceTree = "<group>"; };
		F4F118AD26E5FFF400510265 /* ResultProductionCompanyLogo.swift */ = {isa = PBXFileReference; fileEncoding = 4; lastKnownFileType = sourcecode.swift; path = ResultProductionCompanyLogo.swift; sourceTree = "<group>"; };
		F4F118B526EA657E00510265 /* NetworkService.swift */ = {isa = PBXFileReference; lastKnownFileType = sourcecode.swift; path = NetworkService.swift; sourceTree = "<group>"; };
		F4F118B826EA68EE00510265 /* Constants.swift */ = {isa = PBXFileReference; lastKnownFileType = sourcecode.swift; path = Constants.swift; sourceTree = "<group>"; };
		F4F118BB26EA6CB500510265 /* MoviesTrendingNetworkService.swift */ = {isa = PBXFileReference; lastKnownFileType = sourcecode.swift; path = MoviesTrendingNetworkService.swift; sourceTree = "<group>"; };
		F4F118C826ECCFA400510265 /* MoviesTrendingTableViewViewModel.swift */ = {isa = PBXFileReference; lastKnownFileType = sourcecode.swift; path = MoviesTrendingTableViewViewModel.swift; sourceTree = "<group>"; };
		F4F118CA26ECE0B700510265 /* MoviesTrendingCellViewModel.swift */ = {isa = PBXFileReference; lastKnownFileType = sourcecode.swift; path = MoviesTrendingCellViewModel.swift; sourceTree = "<group>"; };
		F4F118CE26ECE72300510265 /* DateFormat.swift */ = {isa = PBXFileReference; lastKnownFileType = sourcecode.swift; path = DateFormat.swift; sourceTree = "<group>"; };
		F4F118D526ED0CB900510265 /* ArrayExtensions.swift */ = {isa = PBXFileReference; lastKnownFileType = sourcecode.swift; path = ArrayExtensions.swift; sourceTree = "<group>"; };
		F4F118D726ED0D2000510265 /* StringExtension.swift */ = {isa = PBXFileReference; lastKnownFileType = sourcecode.swift; path = StringExtension.swift; sourceTree = "<group>"; };
		F4F118DB26EDA06B00510265 /* ListOfGenres.swift */ = {isa = PBXFileReference; lastKnownFileType = sourcecode.swift; path = ListOfGenres.swift; sourceTree = "<group>"; };
		F4F118E426EDA7EB00510265 /* FavoriteMoviesTableViewViewModel.swift */ = {isa = PBXFileReference; lastKnownFileType = sourcecode.swift; path = FavoriteMoviesTableViewViewModel.swift; sourceTree = "<group>"; };
		F4F118EA26EDB0DA00510265 /* MovieDetailedViewModel.swift */ = {isa = PBXFileReference; lastKnownFileType = sourcecode.swift; path = MovieDetailedViewModel.swift; sourceTree = "<group>"; };
		F4F118ED26EDB5C700510265 /* MovieDetailedNetworkService.swift */ = {isa = PBXFileReference; lastKnownFileType = sourcecode.swift; path = MovieDetailedNetworkService.swift; sourceTree = "<group>"; };
		F4F28BE32711E52200D68144 /* FavoriteTVShowViewController.swift */ = {isa = PBXFileReference; fileEncoding = 4; lastKnownFileType = sourcecode.swift; path = FavoriteTVShowViewController.swift; sourceTree = "<group>"; };
		F4F28BE52711E55E00D68144 /* TVShowRealm.swift */ = {isa = PBXFileReference; fileEncoding = 4; lastKnownFileType = sourcecode.swift; path = TVShowRealm.swift; sourceTree = "<group>"; };
		F4F28BE72711F0DD00D68144 /* RealmManagerTVShow.swift */ = {isa = PBXFileReference; lastKnownFileType = sourcecode.swift; path = RealmManagerTVShow.swift; sourceTree = "<group>"; };
		F4F28BE92711F5B600D68144 /* FavoriteTVShowTableViewViewModel.swift */ = {isa = PBXFileReference; lastKnownFileType = sourcecode.swift; path = FavoriteTVShowTableViewViewModel.swift; sourceTree = "<group>"; };
/* End PBXFileReference section */

/* Begin PBXFrameworksBuildPhase section */
		F48C0EEA26D35273000D280D /* Frameworks */ = {
			isa = PBXFrameworksBuildPhase;
			buildActionMask = 2147483647;
			files = (
				4B01477E4CFAF1D8017A8176 /* Pods_Movieooze.framework in Frameworks */,
			);
			runOnlyForDeploymentPostprocessing = 0;
		};
/* End PBXFrameworksBuildPhase section */

/* Begin PBXGroup section */
		67C4B7EDDDF55C1E422D535F /* Frameworks */ = {
			isa = PBXGroup;
			children = (
				9F22B05114B0761F1D33064B /* Pods_Movieooze.framework */,
			);
			name = Frameworks;
			sourceTree = "<group>";
		};
		AF714EE166AB70E65FC59102 /* Pods */ = {
			isa = PBXGroup;
			children = (
				ADE21347BDBD6723E33E3A48 /* Pods-Movieooze.debug.xcconfig */,
				A7B8B73E3FAE71E31811CF06 /* Pods-Movieooze.release.xcconfig */,
			);
			path = Pods;
			sourceTree = "<group>";
		};
		F42BDB5E26FA3DCF0013A750 /* TrendingMoviesAndTVShows */ = {
			isa = PBXGroup;
			children = (
				F42BDB6026FA3E8E0013A750 /* CommonModel */,
				F42BDB5F26FA3E3F0013A750 /* CommonViews */,
				F4F118C026ECCC4C00510265 /* MoviesTrending */,
				F4B5287926F8A1370050D211 /* TVShowsTrending */,
			);
			path = TrendingMoviesAndTVShows;
			sourceTree = "<group>";
		};
		F42BDB5F26FA3E3F0013A750 /* CommonViews */ = {
			isa = PBXGroup;
			children = (
				F44C9B7526D356A200B663CC /* ListCellTableView.swift */,
				F44C9B7626D356A200B663CC /* ListCellTableView.xib */,
			);
			path = CommonViews;
			sourceTree = "<group>";
		};
		F42BDB6026FA3E8E0013A750 /* CommonModel */ = {
			isa = PBXGroup;
			children = (
				F4F118C726ECCE9100510265 /* GenresModels */,
			);
			path = CommonModel;
			sourceTree = "<group>";
		};
		F42BDB6126FD91130013A750 /* TVShowDetailed */ = {
			isa = PBXGroup;
			children = (
				F42BDB7F270620E10013A750 /* SeasonsCollection */,
				F4B3A98C271D63CF00A6E476 /* SimilarTvShowsCollection */,
				F42BDB6226FD91410013A750 /* Model */,
				F42BDB6326FD914B0013A750 /* View */,
				F42BDB6426FD91530013A750 /* ViewModel */,
				F42BDB6526FD91670013A750 /* TvShowDetailedNetworkService */,
			);
			path = TVShowDetailed;
			sourceTree = "<group>";
		};
		F42BDB6226FD91410013A750 /* Model */ = {
			isa = PBXGroup;
			children = (
				F42BDB6B2704A6970013A750 /* TVShowDetails.swift */,
				F42BDB6D2704A6980013A750 /* Created_by.swift */,
				F42BDB6C2704A6970013A750 /* Last_episode_to_air.swift */,
				F42BDB6F2704A6980013A750 /* Networks.swift */,
				F42BDB6E2704A6980013A750 /* Next_episode_to_air.swift */,
				F42BDB6A2704A6970013A750 /* Spoken_languages.swift */,
			);
			path = Model;
			sourceTree = "<group>";
		};
		F42BDB6326FD914B0013A750 /* View */ = {
			isa = PBXGroup;
			children = (
				F42BDB6726FD920A0013A750 /* TvShowDetailedScrollViewController.swift */,
			);
			path = View;
			sourceTree = "<group>";
		};
		F42BDB6426FD91530013A750 /* ViewModel */ = {
			isa = PBXGroup;
			children = (
				F42BDB7B2704A8DA0013A750 /* TVShowViewModel.swift */,
			);
			path = ViewModel;
			sourceTree = "<group>";
		};
		F42BDB6526FD91670013A750 /* TvShowDetailedNetworkService */ = {
			isa = PBXGroup;
			children = (
				F42BDB7D2704AD450013A750 /* TVShowDetailedNetworkService.swift */,
			);
			path = TvShowDetailedNetworkService;
			sourceTree = "<group>";
		};
		F42BDB7F270620E10013A750 /* SeasonsCollection */ = {
			isa = PBXGroup;
			children = (
				F42BDB822706214F0013A750 /* Model */,
				F42BDB80270621340013A750 /* View */,
				F42BDB81270621400013A750 /* ViewModel */,
			);
			path = SeasonsCollection;
			sourceTree = "<group>";
		};
		F42BDB80270621340013A750 /* View */ = {
			isa = PBXGroup;
			children = (
				F42BDB87270627060013A750 /* SeasonCollectionViewCell.swift */,
			);
			path = View;
			sourceTree = "<group>";
		};
		F42BDB81270621400013A750 /* ViewModel */ = {
			isa = PBXGroup;
			children = (
				F42BDB83270621A30013A750 /* SeasonsCollectionViewModel.swift */,
				F42BDB85270625350013A750 /* SeasonsCellCollectionViewModel.swift */,
			);
			path = ViewModel;
			sourceTree = "<group>";
		};
		F42BDB822706214F0013A750 /* Model */ = {
			isa = PBXGroup;
			children = (
				F42BDB712704A6980013A750 /* Seasons.swift */,
			);
			path = Model;
			sourceTree = "<group>";
		};
		F42BDB8927088B8C0013A750 /* TVShowSeasonAndEpisodes */ = {
			isa = PBXGroup;
			children = (
				F42BDB9B2708A8DC0013A750 /* Season */,
				F42BDB9C2708A8F40013A750 /* Episodes */,
			);
			path = TVShowSeasonAndEpisodes;
			sourceTree = "<group>";
		};
		F42BDB8A27088BB10013A750 /* View */ = {
			isa = PBXGroup;
			children = (
				F4498844270B3A4C001BA6DE /* TVShowSeasonScrollViewController.swift */,
				F42BDB8D27088C230013A750 /* DELETE TVShowSeasonViewController.swift */,
				F42BDBA8270ACC6F0013A750 /* DELETE StretchyTVShowSeasonTableHeaderView.swift */,
			);
			path = View;
			sourceTree = "<group>";
		};
		F42BDB8B27088BBC0013A750 /* ViewModel */ = {
			isa = PBXGroup;
			children = (
				F42BDB90270898B20013A750 /* TVShowSeasonViewModel.swift */,
			);
			path = ViewModel;
			sourceTree = "<group>";
		};
		F42BDB8C27088BC60013A750 /* Model */ = {
			isa = PBXGroup;
			children = (
				F42BDB9427089DE70013A750 /* TVShowSeason.swift */,
				F42BDB9827089F240013A750 /* Guest_stars.swift */,
			);
			path = Model;
			sourceTree = "<group>";
		};
		F42BDB8F2708987F0013A750 /* TVShowSeasonNetworkServise */ = {
			isa = PBXGroup;
			children = (
				F42BDB9227089C6B0013A750 /* TVShowSeasonNetworkService.swift */,
			);
			path = TVShowSeasonNetworkServise;
			sourceTree = "<group>";
		};
		F42BDB9B2708A8DC0013A750 /* Season */ = {
			isa = PBXGroup;
			children = (
				F42BDB8C27088BC60013A750 /* Model */,
				F42BDB8A27088BB10013A750 /* View */,
				F42BDB8B27088BBC0013A750 /* ViewModel */,
				F42BDB8F2708987F0013A750 /* TVShowSeasonNetworkServise */,
			);
			path = Season;
			sourceTree = "<group>";
		};
		F42BDB9C2708A8F40013A750 /* Episodes */ = {
			isa = PBXGroup;
			children = (
				F42BDB9D2708A9450013A750 /* Model */,
				F42BDB9E2708A9550013A750 /* View */,
				F42BDB9F2708A95E0013A750 /* ViewModel */,
			);
			path = Episodes;
			sourceTree = "<group>";
		};
		F42BDB9D2708A9450013A750 /* Model */ = {
			isa = PBXGroup;
			children = (
				F42BDB9527089DE70013A750 /* Episodes.swift */,
			);
			path = Model;
			sourceTree = "<group>";
		};
		F42BDB9E2708A9550013A750 /* View */ = {
			isa = PBXGroup;
			children = (
				F42BDBA42708C71A0013A750 /* EpisodeTableViewCell.swift */,
			);
			path = View;
			sourceTree = "<group>";
		};
		F42BDB9F2708A95E0013A750 /* ViewModel */ = {
			isa = PBXGroup;
			children = (
				F42BDBA02708AA030013A750 /* EpisodesTableViewViewModel.swift */,
				F42BDBA22708BB770013A750 /* EpisodeCellViewModel.swift */,
			);
			path = ViewModel;
			sourceTree = "<group>";
		};
		F437C3AB26EF508200BC3ED0 /* SimilarMoviesCollection */ = {
			isa = PBXGroup;
			children = (
				F437C3B626EF5D3A00BC3ED0 /* View */,
				F437C3AD26EF50B400BC3ED0 /* ViewModels */,
				F437C3AC26EF50A300BC3ED0 /* Model */,
				F437C3AF26EF511600BC3ED0 /* SimilarMoviesCollectionNetworkService */,
			);
			path = SimilarMoviesCollection;
			sourceTree = "<group>";
		};
		F437C3AC26EF50A300BC3ED0 /* Model */ = {
			isa = PBXGroup;
			children = (
				F4A2E53126DE99D20015CF46 /* SimilarMovies */,
			);
			path = Model;
			sourceTree = "<group>";
		};
		F437C3AD26EF50B400BC3ED0 /* ViewModels */ = {
			isa = PBXGroup;
			children = (
				F437C3B226EF530800BC3ED0 /* SimilarMoviesCollectionViewModel.swift */,
				F437C3B426EF5A0000BC3ED0 /* SimilarMoviesCellCollectionViewModel.swift */,
			);
			path = ViewModels;
			sourceTree = "<group>";
		};
		F437C3AF26EF511600BC3ED0 /* SimilarMoviesCollectionNetworkService */ = {
			isa = PBXGroup;
			children = (
				F437C3B026EF515D00BC3ED0 /* SimilarMoviesCollectionNetworkService.swift */,
			);
			path = SimilarMoviesCollectionNetworkService;
			sourceTree = "<group>";
		};
		F437C3B626EF5D3A00BC3ED0 /* View */ = {
			isa = PBXGroup;
			children = (
				F4A2E52F26DE8D880015CF46 /* SimilarMovieCollectionViewCell.swift */,
			);
			path = View;
			sourceTree = "<group>";
		};
		F437C3B726F0F32F00BC3ED0 /* ActorsCollection */ = {
			isa = PBXGroup;
			children = (
				F437C3BA26F0F35700BC3ED0 /* ViewModel */,
				F437C3B926F0F34F00BC3ED0 /* Model */,
				F437C3B826F0F34700BC3ED0 /* View */,
			);
			path = ActorsCollection;
			sourceTree = "<group>";
		};
		F437C3B826F0F34700BC3ED0 /* View */ = {
			isa = PBXGroup;
			children = (
				F4ECB5AE26DBB39C00A5F079 /* ActorCollectionViewCell.swift */,
			);
			path = View;
			sourceTree = "<group>";
		};
		F437C3B926F0F34F00BC3ED0 /* Model */ = {
			isa = PBXGroup;
			children = (
				F4ECB59826D956E800A5F079 /* Cast.swift */,
				F4ECB59926D956E800A5F079 /* Credits.swift */,
			);
			path = Model;
			sourceTree = "<group>";
		};
		F437C3BA26F0F35700BC3ED0 /* ViewModel */ = {
			isa = PBXGroup;
			children = (
				F437C3BB26F0F49F00BC3ED0 /* ActorsCollectionViewModel.swift */,
				F437C3BD26F2475D00BC3ED0 /* ActorsCellCollectionViewModel.swift */,
			);
			path = ViewModel;
			sourceTree = "<group>";
		};
		F437C3BF26F252B700BC3ED0 /* VideoPlayer */ = {
			isa = PBXGroup;
			children = (
				F437C3C026F252C600BC3ED0 /* Model */,
				F437C3C126F252D100BC3ED0 /* View */,
				F437C3C226F252DA00BC3ED0 /* ViewModel */,
				F437C3C526F2541500BC3ED0 /* VideoPlayerNetworkService */,
			);
			path = VideoPlayer;
			sourceTree = "<group>";
		};
		F437C3C026F252C600BC3ED0 /* Model */ = {
			isa = PBXGroup;
			children = (
				F43975E826E27BF800262C7F /* ResultVideoMaterials.swift */,
				F43975E926E27BF800262C7F /* VideoMaterials.swift */,
			);
			path = Model;
			sourceTree = "<group>";
		};
		F437C3C126F252D100BC3ED0 /* View */ = {
			isa = PBXGroup;
			children = (
				F43975E526E13ADA00262C7F /* PlayerViewController.swift */,
			);
			path = View;
			sourceTree = "<group>";
		};
		F437C3C226F252DA00BC3ED0 /* ViewModel */ = {
			isa = PBXGroup;
			children = (
				F437C3C326F253A900BC3ED0 /* VideoPlayerViewModel.swift */,
			);
			path = ViewModel;
			sourceTree = "<group>";
		};
		F437C3C526F2541500BC3ED0 /* VideoPlayerNetworkService */ = {
			isa = PBXGroup;
			children = (
				F437C3C626F2548100BC3ED0 /* VideoPlayerNetworkService.swift */,
			);
			path = VideoPlayerNetworkService;
			sourceTree = "<group>";
		};
		F437C3C826F3916100BC3ED0 /* ActorDetailed */ = {
			isa = PBXGroup;
			children = (
				F437C3D126F39F4800BC3ED0 /* ActorMoviesCollection */,
				F437C3C926F3916F00BC3ED0 /* Model */,
				F437C3CA26F3917600BC3ED0 /* View */,
				F437C3CB26F3917D00BC3ED0 /* ViewModel */,
				F437C3CC26F391D000BC3ED0 /* ActorDetailedNetworkService */,
			);
			path = ActorDetailed;
			sourceTree = "<group>";
		};
		F437C3C926F3916F00BC3ED0 /* Model */ = {
			isa = PBXGroup;
			children = (
				F43975EC26E4692E00262C7F /* Actor */,
			);
			path = Model;
			sourceTree = "<group>";
		};
		F437C3CA26F3917600BC3ED0 /* View */ = {
			isa = PBXGroup;
			children = (
				F4ECB5AC26DA7F1C00A5F079 /* ActorDetailedScrollViewController.swift */,
			);
			path = View;
			sourceTree = "<group>";
		};
		F437C3CB26F3917D00BC3ED0 /* ViewModel */ = {
			isa = PBXGroup;
			children = (
				F437C3CD26F3920600BC3ED0 /* ActorDetailedViewModel.swift */,
			);
			path = ViewModel;
			sourceTree = "<group>";
		};
		F437C3CC26F391D000BC3ED0 /* ActorDetailedNetworkService */ = {
			isa = PBXGroup;
			children = (
				F437C3CF26F3933C00BC3ED0 /* ActorDetailedNetworkService.swift */,
			);
			path = ActorDetailedNetworkService;
			sourceTree = "<group>";
		};
		F437C3D126F39F4800BC3ED0 /* ActorMoviesCollection */ = {
			isa = PBXGroup;
			children = (
				F437C3D226F39F7F00BC3ED0 /* Model */,
				F437C3D326F39F8800BC3ED0 /* View */,
				F437C3D426F39F9200BC3ED0 /* ViewModel */,
				F437C3D526F39FA600BC3ED0 /* ActorMoviesCollectionNetworkService */,
			);
			path = ActorMoviesCollection;
			sourceTree = "<group>";
		};
		F437C3D226F39F7F00BC3ED0 /* Model */ = {
			isa = PBXGroup;
			children = (
				F43975F326E46BCD00262C7F /* ActorMovie */,
			);
			path = Model;
			sourceTree = "<group>";
		};
		F437C3D326F39F8800BC3ED0 /* View */ = {
			isa = PBXGroup;
			children = (
				F43975F726E48E4700262C7F /* ActorMoviesCollectionViewCell.swift */,
			);
			path = View;
			sourceTree = "<group>";
		};
		F437C3D426F39F9200BC3ED0 /* ViewModel */ = {
			isa = PBXGroup;
			children = (
				F437C3D826F3A15C00BC3ED0 /* ActorMoviesCollectionViewModel.swift */,
				F437C3DA26F3A6C900BC3ED0 /* ActorMoviesCellCollectionViewModel.swift */,
			);
			path = ViewModel;
			sourceTree = "<group>";
		};
		F437C3D526F39FA600BC3ED0 /* ActorMoviesCollectionNetworkService */ = {
			isa = PBXGroup;
			children = (
				F437C3D626F3A01900BC3ED0 /* ActorMoviesCollectionNetworkService.swift */,
			);
			path = ActorMoviesCollectionNetworkService;
			sourceTree = "<group>";
		};
		F43975EC26E4692E00262C7F /* Actor */ = {
			isa = PBXGroup;
			children = (
				F43975F426E46CB800262C7F /* ActorBio */,
			);
			path = Actor;
			sourceTree = "<group>";
		};
		F43975F326E46BCD00262C7F /* ActorMovie */ = {
			isa = PBXGroup;
			children = (
				F43975ED26E4694500262C7F /* MovieWithActor.swift */,
				F43975EF26E4694500262C7F /* MovieCrew.swift */,
				F43975EE26E4694500262C7F /* ResultActor.swift */,
			);
			path = ActorMovie;
			sourceTree = "<group>";
		};
		F43975F426E46CB800262C7F /* ActorBio */ = {
			isa = PBXGroup;
			children = (
				F43975F526E46CF200262C7F /* ActorDetails.swift */,
			);
			path = ActorBio;
			sourceTree = "<group>";
		};
		F4498846270CB09B001BA6DE /* StarsLevel */ = {
			isa = PBXGroup;
			children = (
				F4498847270CB0C9001BA6DE /* StarsLevel.swift */,
			);
			path = StarsLevel;
			sourceTree = "<group>";
		};
		F4498849270F38D7001BA6DE /* StartFavoritesViewController */ = {
			isa = PBXGroup;
			children = (
				F449884A270F38FE001BA6DE /* StartFavoritesViewController.swift */,
			);
			path = StartFavoritesViewController;
			sourceTree = "<group>";
		};
		F449884C270F4089001BA6DE /* Tabs */ = {
			isa = PBXGroup;
			children = (
				F4B5286B26F770E80050D211 /* TabsView.swift */,
				F4B5286D26F775FB0050D211 /* TabCell.swift */,
				F4B5286F26F78CBA0050D211 /* TabsPageViewConroller.swift */,
			);
			path = Tabs;
			sourceTree = "<group>";
		};
		F449884D270F40BA001BA6DE /* FavoriteTvShows */ = {
			isa = PBXGroup;
			children = (
				F4498850270F410F001BA6DE /* Model */,
				F449884E270F40FE001BA6DE /* View */,
				F449884F270F4105001BA6DE /* ViewModel */,
			);
			path = FavoriteTvShows;
			sourceTree = "<group>";
		};
		F449884E270F40FE001BA6DE /* View */ = {
			isa = PBXGroup;
			children = (
				F4F28BE32711E52200D68144 /* FavoriteTVShowViewController.swift */,
			);
			path = View;
			sourceTree = "<group>";
		};
		F449884F270F4105001BA6DE /* ViewModel */ = {
			isa = PBXGroup;
			children = (
				F4F28BE92711F5B600D68144 /* FavoriteTVShowTableViewViewModel.swift */,
			);
			path = ViewModel;
			sourceTree = "<group>";
		};
		F4498850270F410F001BA6DE /* Model */ = {
			isa = PBXGroup;
			children = (
				F4F28BE52711E55E00D68144 /* TVShowRealm.swift */,
			);
			path = Model;
			sourceTree = "<group>";
		};
		F44C9B7926D360F500B663CC /* Models */ = {
			isa = PBXGroup;
			children = (
				F44C9B7A26D3612800B663CC /* RealmModels */,
			);
			path = Models;
			sourceTree = "<group>";
		};
		F44C9B7A26D3612800B663CC /* RealmModels */ = {
			isa = PBXGroup;
			children = (
				F44C9B7B26D3616900B663CC /* MovieRealm.swift */,
			);
			path = RealmModels;
			sourceTree = "<group>";
		};
		F48C0EE426D35273000D280D = {
			isa = PBXGroup;
			children = (
				F48C0EEF26D35273000D280D /* Movieooze */,
				F48C0EEE26D35273000D280D /* Products */,
				AF714EE166AB70E65FC59102 /* Pods */,
				67C4B7EDDDF55C1E422D535F /* Frameworks */,
			);
			sourceTree = "<group>";
		};
		F48C0EEE26D35273000D280D /* Products */ = {
			isa = PBXGroup;
			children = (
				F48C0EED26D35273000D280D /* Movieooze.app */,
			);
			name = Products;
			sourceTree = "<group>";
		};
		F48C0EEF26D35273000D280D /* Movieooze */ = {
			isa = PBXGroup;
			children = (
				F4F118D426ED0C7100510265 /* Extensions */,
				F4F118CC26ECE68400510265 /* Common */,
				F4F118B726EA68A300510265 /* Constants */,
				F4F118BF26ECCC3900510265 /* Modules */,
				F4F118B026EA631800510265 /* Application */,
				F44C9B7926D360F500B663CC /* Models */,
				F48C0EF926D35275000D280D /* Assets.xcassets */,
				F48C0EFE26D35275000D280D /* Info.plist */,
				F4B5287326F78E3D0050D211 /* Demo2ViewConroller.swift */,
			);
			path = Movieooze;
			sourceTree = "<group>";
		};
		F4A2E53126DE99D20015CF46 /* SimilarMovies */ = {
			isa = PBXGroup;
			children = (
				F4A2E53326DE99EF0015CF46 /* ResultSimilarMovies.swift */,
				F4A2E53226DE99EF0015CF46 /* SimilarMovie.swift */,
			);
			path = SimilarMovies;
			sourceTree = "<group>";
		};
		F4B3A98B271D635F00A6E476 /* MovieAndTvShowWithDetails */ = {
			isa = PBXGroup;
			children = (
				F437C3B726F0F32F00BC3ED0 /* ActorsCollection */,
				F4F118E626EDB05B00510265 /* MovieDetailed */,
				F42BDB6126FD91130013A750 /* TVShowDetailed */,
			);
			path = MovieAndTvShowWithDetails;
			sourceTree = "<group>";
		};
		F4B3A98C271D63CF00A6E476 /* SimilarTvShowsCollection */ = {
			isa = PBXGroup;
			children = (
				F4B3A98F271D641800A6E476 /* Model */,
				F4B3A98E271D63FE00A6E476 /* ViewModel */,
				F4B3A98D271D63F600A6E476 /* View */,
				F4B3A990271D643700A6E476 /* SimilarTvShowsCollectionNetworkService */,
			);
			path = SimilarTvShowsCollection;
			sourceTree = "<group>";
		};
		F4B3A98D271D63F600A6E476 /* View */ = {
			isa = PBXGroup;
			children = (
			);
			path = View;
			sourceTree = "<group>";
		};
		F4B3A98E271D63FE00A6E476 /* ViewModel */ = {
			isa = PBXGroup;
			children = (
			);
			path = ViewModel;
			sourceTree = "<group>";
		};
		F4B3A98F271D641800A6E476 /* Model */ = {
			isa = PBXGroup;
			children = (
				F4B3A992271D65CE00A6E476 /* ResultSimilarTvShow.swift */,
				F4B3A991271D65CE00A6E476 /* SimilarTvShow.swift */,
			);
			path = Model;
			sourceTree = "<group>";
		};
		F4B3A990271D643700A6E476 /* SimilarTvShowsCollectionNetworkService */ = {
			isa = PBXGroup;
			children = (
			);
			path = SimilarTvShowsCollectionNetworkService;
			sourceTree = "<group>";
		};
		F4B5287826F8986E0050D211 /* StartViewController */ = {
			isa = PBXGroup;
			children = (
				F4B5287526F84AFB0050D211 /* StartViewController.swift */,
			);
			path = StartViewController;
			sourceTree = "<group>";
		};
		F4B5287926F8A1370050D211 /* TVShowsTrending */ = {
			isa = PBXGroup;
			children = (
				F4B5287C26F8A1810050D211 /* Model */,
				F4B5287A26F8A1540050D211 /* Views */,
				F4B5287B26F8A1670050D211 /* ViewModels */,
				F4B5287D26F8A3E20050D211 /* TVShowsTrendingNetworkService */,
			);
			path = TVShowsTrending;
			sourceTree = "<group>";
		};
		F4B5287A26F8A1540050D211 /* Views */ = {
			isa = PBXGroup;
			children = (
				F4B5287126F78DE10050D211 /* TVShowsViewConroller.swift */,
			);
			path = Views;
			sourceTree = "<group>";
		};
		F4B5287B26F8A1670050D211 /* ViewModels */ = {
			isa = PBXGroup;
			children = (
				F4B5287E26F8A46B0050D211 /* TVShowsTrendingTableViewModel.swift */,
				F42BDB5C26FA1BB00013A750 /* TVShowTrendingCellViewModel.swift */,
			);
			path = ViewModels;
			sourceTree = "<group>";
		};
		F4B5287C26F8A1810050D211 /* Model */ = {
			isa = PBXGroup;
			children = (
				F4B5288026F8A56D0050D211 /* ResultTVShowsTrendingDay.swift */,
				F4B5288126F8A56D0050D211 /* TVShow.swift */,
			);
			path = Model;
			sourceTree = "<group>";
		};
		F4B5287D26F8A3E20050D211 /* TVShowsTrendingNetworkService */ = {
			isa = PBXGroup;
			children = (
				F4B5288426F8A71A0050D211 /* TVShowsTrendingNetworkService.swift */,
			);
			path = TVShowsTrendingNetworkService;
			sourceTree = "<group>";
		};
		F4ECB57926D803F900A5F079 /* MovieDetailsEN */ = {
			isa = PBXGroup;
			children = (
				F4ECB59D26D956E900A5F079 /* BelongsToCollection.swift */,
				F4ECB59626D956E800A5F079 /* Crew.swift */,
				F4ECB59726D956E800A5F079 /* Images.swift */,
				F4ECB5A026D956E900A5F079 /* MovieDetailsEN.swift */,
				F4ECB59F26D956E900A5F079 /* ProductionCompanies.swift */,
				F4ECB59E26D956E900A5F079 /* ProductionCountries.swift */,
				F4ECB59A26D956E800A5F079 /* TV.swift */,
				F4ECB59B26D956E800A5F079 /* spokenLanguages.swift */,
				F4ECB59C26D956E800A5F079 /* Videos.swift */,
			);
			path = MovieDetailsEN;
			sourceTree = "<group>";
		};
		F4F118AB26E5FEF600510265 /* ProductionCompanyLogo */ = {
			isa = PBXGroup;
			children = (
				F4F118AD26E5FFF400510265 /* ResultProductionCompanyLogo.swift */,
				F4F118AC26E5FFF300510265 /* Logos.swift */,
			);
			path = ProductionCompanyLogo;
			sourceTree = "<group>";
		};
		F4F118B026EA631800510265 /* Application */ = {
			isa = PBXGroup;
			children = (
				F4F118B426EA654600510265 /* Managers */,
				F4F118B126EA632500510265 /* Model */,
				F4F118B226EA633000510265 /* View */,
				F4F118B326EA633A00510265 /* Controller */,
			);
			path = Application;
			sourceTree = "<group>";
		};
		F4F118B126EA632500510265 /* Model */ = {
			isa = PBXGroup;
			children = (
			);
			path = Model;
			sourceTree = "<group>";
		};
		F4F118B226EA633000510265 /* View */ = {
			isa = PBXGroup;
			children = (
				F449884C270F4089001BA6DE /* Tabs */,
				F4498849270F38D7001BA6DE /* StartFavoritesViewController */,
				F4B5287826F8986E0050D211 /* StartViewController */,
				F48C0EF626D35273000D280D /* Main.storyboard */,
				F48C0EFB26D35275000D280D /* LaunchScreen.storyboard */,
			);
			path = View;
			sourceTree = "<group>";
		};
		F4F118B326EA633A00510265 /* Controller */ = {
			isa = PBXGroup;
			children = (
				F48C0EF026D35273000D280D /* AppDelegate.swift */,
				F48C0EF226D35273000D280D /* SceneDelegate.swift */,
			);
			path = Controller;
			sourceTree = "<group>";
		};
		F4F118B426EA654600510265 /* Managers */ = {
			isa = PBXGroup;
			children = (
				F4F118B526EA657E00510265 /* NetworkService.swift */,
				F44C9B8A26D3633F00B663CC /* RealmManager.swift */,
				F4F28BE72711F0DD00D68144 /* RealmManagerTVShow.swift */,
			);
			path = Managers;
			sourceTree = "<group>";
		};
		F4F118B726EA68A300510265 /* Constants */ = {
			isa = PBXGroup;
			children = (
				F4F118B826EA68EE00510265 /* Constants.swift */,
			);
			path = Constants;
			sourceTree = "<group>";
		};
		F4F118BF26ECCC3900510265 /* Modules */ = {
			isa = PBXGroup;
			children = (
				F4B3A98B271D635F00A6E476 /* MovieAndTvShowWithDetails */,
				F42BDB8927088B8C0013A750 /* TVShowSeasonAndEpisodes */,
				F42BDB5E26FA3DCF0013A750 /* TrendingMoviesAndTVShows */,
				F437C3C826F3916100BC3ED0 /* ActorDetailed */,
				F437C3BF26F252B700BC3ED0 /* VideoPlayer */,
				F4F118DD26EDA4F400510265 /* FavoriteMovies */,
				F449884D270F40BA001BA6DE /* FavoriteTvShows */,
			);
			path = Modules;
			sourceTree = "<group>";
		};
		F4F118C026ECCC4C00510265 /* MoviesTrending */ = {
			isa = PBXGroup;
			children = (
				F4F118C226ECCCCB00510265 /* Model */,
				F4F118C526ECCD5200510265 /* Views */,
				F4F118C126ECCCB200510265 /* ViewModels */,
				F4F118C426ECCD1700510265 /* MoviesTrendingNetworkService */,
			);
			path = MoviesTrending;
			sourceTree = "<group>";
		};
		F4F118C126ECCCB200510265 /* ViewModels */ = {
			isa = PBXGroup;
			children = (
				F4F118C826ECCFA400510265 /* MoviesTrendingTableViewViewModel.swift */,
				F4F118CA26ECE0B700510265 /* MoviesTrendingCellViewModel.swift */,
			);
			path = ViewModels;
			sourceTree = "<group>";
		};
		F4F118C226ECCCCB00510265 /* Model */ = {
			isa = PBXGroup;
			children = (
				F44C9B7F26D361C600B663CC /* ResultMoviesTrendingDay.swift */,
				F44C9B8126D361EA00B663CC /* Movie.swift */,
			);
			path = Model;
			sourceTree = "<group>";
		};
		F4F118C426ECCD1700510265 /* MoviesTrendingNetworkService */ = {
			isa = PBXGroup;
			children = (
				F4F118BB26EA6CB500510265 /* MoviesTrendingNetworkService.swift */,
			);
			path = MoviesTrendingNetworkService;
			sourceTree = "<group>";
		};
		F4F118C526ECCD5200510265 /* Views */ = {
			isa = PBXGroup;
			children = (
				F44C9B6B26D3556500B663CC /* MoviesViewController.swift */,
			);
			path = Views;
			sourceTree = "<group>";
		};
		F4F118C726ECCE9100510265 /* GenresModels */ = {
			isa = PBXGroup;
			children = (
				F44C9B8426D3621900B663CC /* Genres.swift */,
				F44C9B8626D3626600B663CC /* ResultGenres.swift */,
			);
			path = GenresModels;
			sourceTree = "<group>";
		};
		F4F118CC26ECE68400510265 /* Common */ = {
			isa = PBXGroup;
			children = (
				F4F118DA26EDA04A00510265 /* ListOfGenres */,
				F4F118CD26ECE69700510265 /* DateFormat */,
				F4498846270CB09B001BA6DE /* StarsLevel */,
			);
			path = Common;
			sourceTree = "<group>";
		};
		F4F118CD26ECE69700510265 /* DateFormat */ = {
			isa = PBXGroup;
			children = (
				F4F118CE26ECE72300510265 /* DateFormat.swift */,
			);
			path = DateFormat;
			sourceTree = "<group>";
		};
		F4F118D426ED0C7100510265 /* Extensions */ = {
			isa = PBXGroup;
			children = (
				F4F118D526ED0CB900510265 /* ArrayExtensions.swift */,
				F4F118D726ED0D2000510265 /* StringExtension.swift */,
				F4B3A989271D3AEC00A6E476 /* UIColorExtension.swift */,
			);
			path = Extensions;
			sourceTree = "<group>";
		};
		F4F118DA26EDA04A00510265 /* ListOfGenres */ = {
			isa = PBXGroup;
			children = (
				F4F118DB26EDA06B00510265 /* ListOfGenres.swift */,
			);
			path = ListOfGenres;
			sourceTree = "<group>";
		};
		F4F118DD26EDA4F400510265 /* FavoriteMovies */ = {
			isa = PBXGroup;
			children = (
				F4F118E026EDA52600510265 /* ViewModel */,
				F4F118DF26EDA51B00510265 /* Views */,
				F4F118DE26EDA50E00510265 /* Model */,
			);
			path = FavoriteMovies;
			sourceTree = "<group>";
		};
		F4F118DE26EDA50E00510265 /* Model */ = {
			isa = PBXGroup;
			children = (
			);
			path = Model;
			sourceTree = "<group>";
		};
		F4F118DF26EDA51B00510265 /* Views */ = {
			isa = PBXGroup;
			children = (
				F44C9B6F26D355C600B663CC /* FavoriteMovieViewController.swift */,
			);
			path = Views;
			sourceTree = "<group>";
		};
		F4F118E026EDA52600510265 /* ViewModel */ = {
			isa = PBXGroup;
			children = (
				F4F118E426EDA7EB00510265 /* FavoriteMoviesTableViewViewModel.swift */,
			);
			path = ViewModel;
			sourceTree = "<group>";
		};
		F4F118E626EDB05B00510265 /* MovieDetailed */ = {
			isa = PBXGroup;
			children = (
				F437C3AB26EF508200BC3ED0 /* SimilarMoviesCollection */,
				F4F118E726EDB07D00510265 /* Model */,
				F4F118E926EDB09700510265 /* View */,
				F4F118E826EDB08800510265 /* ViewModel */,
				F4F118EC26EDB53600510265 /* MovieDetailedNetworkService */,
			);
			path = MovieDetailed;
			sourceTree = "<group>";
		};
		F4F118E726EDB07D00510265 /* Model */ = {
			isa = PBXGroup;
			children = (
				F4ECB57926D803F900A5F079 /* MovieDetailsEN */,
				F4F118AB26E5FEF600510265 /* ProductionCompanyLogo */,
			);
			path = Model;
			sourceTree = "<group>";
		};
		F4F118E826EDB08800510265 /* ViewModel */ = {
			isa = PBXGroup;
			children = (
				F4F118EA26EDB0DA00510265 /* MovieDetailedViewModel.swift */,
			);
			path = ViewModel;
			sourceTree = "<group>";
		};
		F4F118E926EDB09700510265 /* View */ = {
			isa = PBXGroup;
			children = (
				F44C9B7126D355F200B663CC /* MovieDetailedScrollViewController.swift */,
			);
			path = View;
			sourceTree = "<group>";
		};
		F4F118EC26EDB53600510265 /* MovieDetailedNetworkService */ = {
			isa = PBXGroup;
			children = (
				F4F118ED26EDB5C700510265 /* MovieDetailedNetworkService.swift */,
			);
			path = MovieDetailedNetworkService;
			sourceTree = "<group>";
		};
/* End PBXGroup section */

/* Begin PBXNativeTarget section */
		F48C0EEC26D35273000D280D /* Movieooze */ = {
			isa = PBXNativeTarget;
			buildConfigurationList = F48C0F0126D35275000D280D /* Build configuration list for PBXNativeTarget "Movieooze" */;
			buildPhases = (
				CE14B9678BC6FA35CC31C5C7 /* [CP] Check Pods Manifest.lock */,
				F48C0EE926D35273000D280D /* Sources */,
				F48C0EEA26D35273000D280D /* Frameworks */,
				F48C0EEB26D35273000D280D /* Resources */,
				4A11E2424DC009034C76D1C2 /* [CP] Embed Pods Frameworks */,
			);
			buildRules = (
			);
			dependencies = (
			);
			name = Movieooze;
			productName = Movieooze;
			productReference = F48C0EED26D35273000D280D /* Movieooze.app */;
			productType = "com.apple.product-type.application";
		};
/* End PBXNativeTarget section */

/* Begin PBXProject section */
		F48C0EE526D35273000D280D /* Project object */ = {
			isa = PBXProject;
			attributes = {
				LastSwiftUpdateCheck = 1250;
				LastUpgradeCheck = 1250;
				TargetAttributes = {
					F48C0EEC26D35273000D280D = {
						CreatedOnToolsVersion = 12.5.1;
					};
				};
			};
			buildConfigurationList = F48C0EE826D35273000D280D /* Build configuration list for PBXProject "Movieooze" */;
			compatibilityVersion = "Xcode 9.3";
			developmentRegion = en;
			hasScannedForEncodings = 0;
			knownRegions = (
				en,
				Base,
			);
			mainGroup = F48C0EE426D35273000D280D;
			productRefGroup = F48C0EEE26D35273000D280D /* Products */;
			projectDirPath = "";
			projectRoot = "";
			targets = (
				F48C0EEC26D35273000D280D /* Movieooze */,
			);
		};
/* End PBXProject section */

/* Begin PBXResourcesBuildPhase section */
		F48C0EEB26D35273000D280D /* Resources */ = {
			isa = PBXResourcesBuildPhase;
			buildActionMask = 2147483647;
			files = (
				F48C0EFD26D35275000D280D /* LaunchScreen.storyboard in Resources */,
				F48C0EFA26D35275000D280D /* Assets.xcassets in Resources */,
				F44C9B7826D356A200B663CC /* ListCellTableView.xib in Resources */,
				F48C0EF826D35273000D280D /* Main.storyboard in Resources */,
			);
			runOnlyForDeploymentPostprocessing = 0;
		};
/* End PBXResourcesBuildPhase section */

/* Begin PBXShellScriptBuildPhase section */
		4A11E2424DC009034C76D1C2 /* [CP] Embed Pods Frameworks */ = {
			isa = PBXShellScriptBuildPhase;
			buildActionMask = 2147483647;
			files = (
			);
			inputFileListPaths = (
				"${PODS_ROOT}/Target Support Files/Pods-Movieooze/Pods-Movieooze-frameworks-${CONFIGURATION}-input-files.xcfilelist",
			);
			name = "[CP] Embed Pods Frameworks";
			outputFileListPaths = (
				"${PODS_ROOT}/Target Support Files/Pods-Movieooze/Pods-Movieooze-frameworks-${CONFIGURATION}-output-files.xcfilelist",
			);
			runOnlyForDeploymentPostprocessing = 0;
			shellPath = /bin/sh;
			shellScript = "\"${PODS_ROOT}/Target Support Files/Pods-Movieooze/Pods-Movieooze-frameworks.sh\"\n";
			showEnvVarsInLog = 0;
		};
		CE14B9678BC6FA35CC31C5C7 /* [CP] Check Pods Manifest.lock */ = {
			isa = PBXShellScriptBuildPhase;
			buildActionMask = 2147483647;
			files = (
			);
			inputFileListPaths = (
			);
			inputPaths = (
				"${PODS_PODFILE_DIR_PATH}/Podfile.lock",
				"${PODS_ROOT}/Manifest.lock",
			);
			name = "[CP] Check Pods Manifest.lock";
			outputFileListPaths = (
			);
			outputPaths = (
				"$(DERIVED_FILE_DIR)/Pods-Movieooze-checkManifestLockResult.txt",
			);
			runOnlyForDeploymentPostprocessing = 0;
			shellPath = /bin/sh;
			shellScript = "diff \"${PODS_PODFILE_DIR_PATH}/Podfile.lock\" \"${PODS_ROOT}/Manifest.lock\" > /dev/null\nif [ $? != 0 ] ; then\n    # print error to STDERR\n    echo \"error: The sandbox is not in sync with the Podfile.lock. Run 'pod install' or update your CocoaPods installation.\" >&2\n    exit 1\nfi\n# This output is used by Xcode 'outputs' to avoid re-running this script phase.\necho \"SUCCESS\" > \"${SCRIPT_OUTPUT_FILE_0}\"\n";
			showEnvVarsInLog = 0;
		};
/* End PBXShellScriptBuildPhase section */

/* Begin PBXSourcesBuildPhase section */
		F48C0EE926D35273000D280D /* Sources */ = {
			isa = PBXSourcesBuildPhase;
			buildActionMask = 2147483647;
			files = (
				F4F118C926ECCFA400510265 /* MoviesTrendingTableViewViewModel.swift in Sources */,
				F42BDB9727089DE70013A750 /* Episodes.swift in Sources */,
				F4ECB5A326D956E900A5F079 /* Cast.swift in Sources */,
				F42BDB6826FD920A0013A750 /* TvShowDetailedScrollViewController.swift in Sources */,
				F4A2E53426DE99EF0015CF46 /* SimilarMovie.swift in Sources */,
				F4F118AE26E5FFF400510265 /* Logos.swift in Sources */,
				F4ECB5AF26DBB39C00A5F079 /* ActorCollectionViewCell.swift in Sources */,
				F4B5287026F78CBA0050D211 /* TabsPageViewConroller.swift in Sources */,
				F4ECB5A926D956E900A5F079 /* ProductionCountries.swift in Sources */,
				F42BDB7A2704A6980013A750 /* Seasons.swift in Sources */,
				F44C9B8226D361EA00B663CC /* Movie.swift in Sources */,
				F4F118EB26EDB0DA00510265 /* MovieDetailedViewModel.swift in Sources */,
				F437C3D026F3933C00BC3ED0 /* ActorDetailedNetworkService.swift in Sources */,
				F42BDB732704A6980013A750 /* Spoken_languages.swift in Sources */,
				F43975EA26E27BF800262C7F /* ResultVideoMaterials.swift in Sources */,
				F437C3B526EF5A0000BC3ED0 /* SimilarMoviesCellCollectionViewModel.swift in Sources */,
				F4F118CF26ECE72300510265 /* DateFormat.swift in Sources */,
				F4B5287426F78E3D0050D211 /* Demo2ViewConroller.swift in Sources */,
				F42BDBA32708BB770013A750 /* EpisodeCellViewModel.swift in Sources */,
				F4B3A98A271D3AEC00A6E476 /* UIColorExtension.swift in Sources */,
				F43975E626E13ADA00262C7F /* PlayerViewController.swift in Sources */,
				F44C9B7726D356A200B663CC /* ListCellTableView.swift in Sources */,
				F4ECB5A726D956E900A5F079 /* Videos.swift in Sources */,
				F4F118B626EA657E00510265 /* NetworkService.swift in Sources */,
				F4B3A993271D65CE00A6E476 /* SimilarTvShow.swift in Sources */,
				F48C0EF126D35273000D280D /* AppDelegate.swift in Sources */,
				F42BDB5D26FA1BB00013A750 /* TVShowTrendingCellViewModel.swift in Sources */,
				F4F118D826ED0D2000510265 /* StringExtension.swift in Sources */,
				F437C3C726F2548100BC3ED0 /* VideoPlayerNetworkService.swift in Sources */,
				F4B3A994271D65CE00A6E476 /* ResultSimilarTvShow.swift in Sources */,
				F42BDB772704A6980013A750 /* Next_episode_to_air.swift in Sources */,
				F4ECB5A526D956E900A5F079 /* TV.swift in Sources */,
				F44C9B8B26D3633F00B663CC /* RealmManager.swift in Sources */,
				F42BDB742704A6980013A750 /* TVShowDetails.swift in Sources */,
				F4F28BE42711E52200D68144 /* FavoriteTVShowViewController.swift in Sources */,
				F4A2E53026DE8D880015CF46 /* SimilarMovieCollectionViewCell.swift in Sources */,
				F4ECB5AA26D956E900A5F079 /* ProductionCompanies.swift in Sources */,
				F449884B270F38FE001BA6DE /* StartFavoritesViewController.swift in Sources */,
				F437C3B126EF515D00BC3ED0 /* SimilarMoviesCollectionNetworkService.swift in Sources */,
				F44C9B8726D3626600B663CC /* ResultGenres.swift in Sources */,
				F44C9B8526D3621900B663CC /* Genres.swift in Sources */,
				F4F118E526EDA7EB00510265 /* FavoriteMoviesTableViewViewModel.swift in Sources */,
				F4F28BE62711E55E00D68144 /* TVShowRealm.swift in Sources */,
				F4498848270CB0C9001BA6DE /* StarsLevel.swift in Sources */,
				F43975EB26E27BF800262C7F /* VideoMaterials.swift in Sources */,
				F4B5286C26F770E80050D211 /* TabsView.swift in Sources */,
				F4F118DC26EDA06B00510265 /* ListOfGenres.swift in Sources */,
				F42BDB91270898B20013A750 /* TVShowSeasonViewModel.swift in Sources */,
				F4ECB5A826D956E900A5F079 /* BelongsToCollection.swift in Sources */,
				F42BDB752704A6980013A750 /* Last_episode_to_air.swift in Sources */,
				F42BDB9627089DE70013A750 /* TVShowSeason.swift in Sources */,
				F4B5288226F8A56D0050D211 /* ResultTVShowsTrendingDay.swift in Sources */,
				F42BDB9927089F240013A750 /* Guest_stars.swift in Sources */,
				F42BDB762704A6980013A750 /* Created_by.swift in Sources */,
				F4F118AF26E5FFF400510265 /* ResultProductionCompanyLogo.swift in Sources */,
				F43975F026E4694500262C7F /* MovieWithActor.swift in Sources */,
				F437C3BC26F0F49F00BC3ED0 /* ActorsCollectionViewModel.swift in Sources */,
				F44C9B7026D355C600B663CC /* FavoriteMovieViewController.swift in Sources */,
				F4F28BEA2711F5B600D68144 /* FavoriteTVShowTableViewViewModel.swift in Sources */,
				F4F118B926EA68EE00510265 /* Constants.swift in Sources */,
				F4F118CB26ECE0B700510265 /* MoviesTrendingCellViewModel.swift in Sources */,
				F44C9B7C26D3616900B663CC /* MovieRealm.swift in Sources */,
				F4F118D626ED0CB900510265 /* ArrayExtensions.swift in Sources */,
				F44C9B7226D355F200B663CC /* MovieDetailedScrollViewController.swift in Sources */,
				F44C9B8026D361C600B663CC /* ResultMoviesTrendingDay.swift in Sources */,
				F43975F226E4694500262C7F /* MovieCrew.swift in Sources */,
				F42BDBA9270ACC6F0013A750 /* DELETE StretchyTVShowSeasonTableHeaderView.swift in Sources */,
				F437C3BE26F2475D00BC3ED0 /* ActorsCellCollectionViewModel.swift in Sources */,
				F437C3DB26F3A6C900BC3ED0 /* ActorMoviesCellCollectionViewModel.swift in Sources */,
				F437C3D726F3A01900BC3ED0 /* ActorMoviesCollectionNetworkService.swift in Sources */,
				F4B5286E26F775FB0050D211 /* TabCell.swift in Sources */,
				F437C3CE26F3920600BC3ED0 /* ActorDetailedViewModel.swift in Sources */,
				F42BDB84270621A30013A750 /* SeasonsCollectionViewModel.swift in Sources */,
				F4F118EE26EDB5C700510265 /* MovieDetailedNetworkService.swift in Sources */,
				F4F118BC26EA6CB500510265 /* MoviesTrendingNetworkService.swift in Sources */,
				F4B5287226F78DE10050D211 /* TVShowsViewConroller.swift in Sources */,
				F42BDB7C2704A8DA0013A750 /* TVShowViewModel.swift in Sources */,
				F42BDBA52708C71A0013A750 /* EpisodeTableViewCell.swift in Sources */,
				F42BDB86270625350013A750 /* SeasonsCellCollectionViewModel.swift in Sources */,
				F42BDB88270627060013A750 /* SeasonCollectionViewCell.swift in Sources */,
				F42BDB7E2704AD450013A750 /* TVShowDetailedNetworkService.swift in Sources */,
				F4B5287F26F8A46B0050D211 /* TVShowsTrendingTableViewModel.swift in Sources */,
				F4ECB5AD26DA7F1C00A5F079 /* ActorDetailedScrollViewController.swift in Sources */,
				F42BDB9327089C6B0013A750 /* TVShowSeasonNetworkService.swift in Sources */,
				F48C0EF326D35273000D280D /* SceneDelegate.swift in Sources */,
				F437C3D926F3A15C00BC3ED0 /* ActorMoviesCollectionViewModel.swift in Sources */,
				F4A2E53526DE99EF0015CF46 /* ResultSimilarMovies.swift in Sources */,
				F4B5288326F8A56D0050D211 /* TVShow.swift in Sources */,
				F4ECB5A226D956E900A5F079 /* Images.swift in Sources */,
				F42BDB782704A6980013A750 /* Networks.swift in Sources */,
				F4498845270B3A4C001BA6DE /* TVShowSeasonScrollViewController.swift in Sources */,
				F43975F626E46CF200262C7F /* ActorDetails.swift in Sources */,
				F42BDB8E27088C230013A750 /* DELETE TVShowSeasonViewController.swift in Sources */,
				F4B5287626F84AFB0050D211 /* StartViewController.swift in Sources */,
				F42BDBA12708AA030013A750 /* EpisodesTableViewViewModel.swift in Sources */,
				F437C3C426F253A900BC3ED0 /* VideoPlayerViewModel.swift in Sources */,
				F44C9B6C26D3556500B663CC /* MoviesViewController.swift in Sources */,
				F43975F126E4694500262C7F /* ResultActor.swift in Sources */,
				F4ECB5A426D956E900A5F079 /* Credits.swift in Sources */,
				F4B5288526F8A71A0050D211 /* TVShowsTrendingNetworkService.swift in Sources */,
				F437C3B326EF530800BC3ED0 /* SimilarMoviesCollectionViewModel.swift in Sources */,
				F43975F826E48E4700262C7F /* ActorMoviesCollectionViewCell.swift in Sources */,
				F4ECB5A126D956E900A5F079 /* Crew.swift in Sources */,
				F4ECB5AB26D956E900A5F079 /* MovieDetailsEN.swift in Sources */,
				F4F28BE82711F0DD00D68144 /* RealmManagerTVShow.swift in Sources */,
				F4ECB5A626D956E900A5F079 /* spokenLanguages.swift in Sources */,
			);
			runOnlyForDeploymentPostprocessing = 0;
		};
/* End PBXSourcesBuildPhase section */

/* Begin PBXVariantGroup section */
		F48C0EF626D35273000D280D /* Main.storyboard */ = {
			isa = PBXVariantGroup;
			children = (
				F48C0EF726D35273000D280D /* Base */,
			);
			name = Main.storyboard;
			sourceTree = "<group>";
		};
		F48C0EFB26D35275000D280D /* LaunchScreen.storyboard */ = {
			isa = PBXVariantGroup;
			children = (
				F48C0EFC26D35275000D280D /* Base */,
			);
			name = LaunchScreen.storyboard;
			sourceTree = "<group>";
		};
/* End PBXVariantGroup section */

/* Begin XCBuildConfiguration section */
		F48C0EFF26D35275000D280D /* Debug */ = {
			isa = XCBuildConfiguration;
			buildSettings = {
				ALWAYS_SEARCH_USER_PATHS = NO;
				CLANG_ANALYZER_NONNULL = YES;
				CLANG_ANALYZER_NUMBER_OBJECT_CONVERSION = YES_AGGRESSIVE;
				CLANG_CXX_LANGUAGE_STANDARD = "gnu++14";
				CLANG_CXX_LIBRARY = "libc++";
				CLANG_ENABLE_MODULES = YES;
				CLANG_ENABLE_OBJC_ARC = YES;
				CLANG_ENABLE_OBJC_WEAK = YES;
				CLANG_WARN_BLOCK_CAPTURE_AUTORELEASING = YES;
				CLANG_WARN_BOOL_CONVERSION = YES;
				CLANG_WARN_COMMA = YES;
				CLANG_WARN_CONSTANT_CONVERSION = YES;
				CLANG_WARN_DEPRECATED_OBJC_IMPLEMENTATIONS = YES;
				CLANG_WARN_DIRECT_OBJC_ISA_USAGE = YES_ERROR;
				CLANG_WARN_DOCUMENTATION_COMMENTS = YES;
				CLANG_WARN_EMPTY_BODY = YES;
				CLANG_WARN_ENUM_CONVERSION = YES;
				CLANG_WARN_INFINITE_RECURSION = YES;
				CLANG_WARN_INT_CONVERSION = YES;
				CLANG_WARN_NON_LITERAL_NULL_CONVERSION = YES;
				CLANG_WARN_OBJC_IMPLICIT_RETAIN_SELF = YES;
				CLANG_WARN_OBJC_LITERAL_CONVERSION = YES;
				CLANG_WARN_OBJC_ROOT_CLASS = YES_ERROR;
				CLANG_WARN_QUOTED_INCLUDE_IN_FRAMEWORK_HEADER = YES;
				CLANG_WARN_RANGE_LOOP_ANALYSIS = YES;
				CLANG_WARN_STRICT_PROTOTYPES = YES;
				CLANG_WARN_SUSPICIOUS_MOVE = YES;
				CLANG_WARN_UNGUARDED_AVAILABILITY = YES_AGGRESSIVE;
				CLANG_WARN_UNREACHABLE_CODE = YES;
				CLANG_WARN__DUPLICATE_METHOD_MATCH = YES;
				COPY_PHASE_STRIP = NO;
				DEBUG_INFORMATION_FORMAT = dwarf;
				ENABLE_STRICT_OBJC_MSGSEND = YES;
				ENABLE_TESTABILITY = YES;
				GCC_C_LANGUAGE_STANDARD = gnu11;
				GCC_DYNAMIC_NO_PIC = NO;
				GCC_NO_COMMON_BLOCKS = YES;
				GCC_OPTIMIZATION_LEVEL = 0;
				GCC_PREPROCESSOR_DEFINITIONS = (
					"DEBUG=1",
					"$(inherited)",
				);
				GCC_WARN_64_TO_32_BIT_CONVERSION = YES;
				GCC_WARN_ABOUT_RETURN_TYPE = YES_ERROR;
				GCC_WARN_UNDECLARED_SELECTOR = YES;
				GCC_WARN_UNINITIALIZED_AUTOS = YES_AGGRESSIVE;
				GCC_WARN_UNUSED_FUNCTION = YES;
				GCC_WARN_UNUSED_VARIABLE = YES;
				IPHONEOS_DEPLOYMENT_TARGET = 14.5;
				MTL_ENABLE_DEBUG_INFO = INCLUDE_SOURCE;
				MTL_FAST_MATH = YES;
				ONLY_ACTIVE_ARCH = YES;
				SDKROOT = iphoneos;
				SWIFT_ACTIVE_COMPILATION_CONDITIONS = DEBUG;
				SWIFT_OPTIMIZATION_LEVEL = "-Onone";
			};
			name = Debug;
		};
		F48C0F0026D35275000D280D /* Release */ = {
			isa = XCBuildConfiguration;
			buildSettings = {
				ALWAYS_SEARCH_USER_PATHS = NO;
				CLANG_ANALYZER_NONNULL = YES;
				CLANG_ANALYZER_NUMBER_OBJECT_CONVERSION = YES_AGGRESSIVE;
				CLANG_CXX_LANGUAGE_STANDARD = "gnu++14";
				CLANG_CXX_LIBRARY = "libc++";
				CLANG_ENABLE_MODULES = YES;
				CLANG_ENABLE_OBJC_ARC = YES;
				CLANG_ENABLE_OBJC_WEAK = YES;
				CLANG_WARN_BLOCK_CAPTURE_AUTORELEASING = YES;
				CLANG_WARN_BOOL_CONVERSION = YES;
				CLANG_WARN_COMMA = YES;
				CLANG_WARN_CONSTANT_CONVERSION = YES;
				CLANG_WARN_DEPRECATED_OBJC_IMPLEMENTATIONS = YES;
				CLANG_WARN_DIRECT_OBJC_ISA_USAGE = YES_ERROR;
				CLANG_WARN_DOCUMENTATION_COMMENTS = YES;
				CLANG_WARN_EMPTY_BODY = YES;
				CLANG_WARN_ENUM_CONVERSION = YES;
				CLANG_WARN_INFINITE_RECURSION = YES;
				CLANG_WARN_INT_CONVERSION = YES;
				CLANG_WARN_NON_LITERAL_NULL_CONVERSION = YES;
				CLANG_WARN_OBJC_IMPLICIT_RETAIN_SELF = YES;
				CLANG_WARN_OBJC_LITERAL_CONVERSION = YES;
				CLANG_WARN_OBJC_ROOT_CLASS = YES_ERROR;
				CLANG_WARN_QUOTED_INCLUDE_IN_FRAMEWORK_HEADER = YES;
				CLANG_WARN_RANGE_LOOP_ANALYSIS = YES;
				CLANG_WARN_STRICT_PROTOTYPES = YES;
				CLANG_WARN_SUSPICIOUS_MOVE = YES;
				CLANG_WARN_UNGUARDED_AVAILABILITY = YES_AGGRESSIVE;
				CLANG_WARN_UNREACHABLE_CODE = YES;
				CLANG_WARN__DUPLICATE_METHOD_MATCH = YES;
				COPY_PHASE_STRIP = NO;
				DEBUG_INFORMATION_FORMAT = "dwarf-with-dsym";
				ENABLE_NS_ASSERTIONS = NO;
				ENABLE_STRICT_OBJC_MSGSEND = YES;
				GCC_C_LANGUAGE_STANDARD = gnu11;
				GCC_NO_COMMON_BLOCKS = YES;
				GCC_WARN_64_TO_32_BIT_CONVERSION = YES;
				GCC_WARN_ABOUT_RETURN_TYPE = YES_ERROR;
				GCC_WARN_UNDECLARED_SELECTOR = YES;
				GCC_WARN_UNINITIALIZED_AUTOS = YES_AGGRESSIVE;
				GCC_WARN_UNUSED_FUNCTION = YES;
				GCC_WARN_UNUSED_VARIABLE = YES;
				IPHONEOS_DEPLOYMENT_TARGET = 14.5;
				MTL_ENABLE_DEBUG_INFO = NO;
				MTL_FAST_MATH = YES;
				SDKROOT = iphoneos;
				SWIFT_COMPILATION_MODE = wholemodule;
				SWIFT_OPTIMIZATION_LEVEL = "-O";
				VALIDATE_PRODUCT = YES;
			};
			name = Release;
		};
		F48C0F0226D35275000D280D /* Debug */ = {
			isa = XCBuildConfiguration;
			baseConfigurationReference = ADE21347BDBD6723E33E3A48 /* Pods-Movieooze.debug.xcconfig */;
			buildSettings = {
				ASSETCATALOG_COMPILER_APPICON_NAME = AppIcon;
				ASSETCATALOG_COMPILER_GLOBAL_ACCENT_COLOR_NAME = AccentColor;
				CODE_SIGN_IDENTITY = "Apple Development";
				CODE_SIGN_STYLE = Automatic;
				DEVELOPMENT_TEAM = 34XV2JSY5D;
				INFOPLIST_FILE = Movieooze/Info.plist;
				LD_RUNPATH_SEARCH_PATHS = (
					"$(inherited)",
					"@executable_path/Frameworks",
				);
				PRODUCT_BUNDLE_IDENTIFIER = "Artem-Shcherban.Movieooze";
				PRODUCT_NAME = "$(TARGET_NAME)";
				PROVISIONING_PROFILE_SPECIFIER = "";
				SWIFT_VERSION = 5.0;
				TARGETED_DEVICE_FAMILY = 1;
			};
			name = Debug;
		};
		F48C0F0326D35275000D280D /* Release */ = {
			isa = XCBuildConfiguration;
			baseConfigurationReference = A7B8B73E3FAE71E31811CF06 /* Pods-Movieooze.release.xcconfig */;
			buildSettings = {
				ASSETCATALOG_COMPILER_APPICON_NAME = AppIcon;
				ASSETCATALOG_COMPILER_GLOBAL_ACCENT_COLOR_NAME = AccentColor;
				CODE_SIGN_IDENTITY = "Apple Development";
				CODE_SIGN_STYLE = Automatic;
				DEVELOPMENT_TEAM = 34XV2JSY5D;
				INFOPLIST_FILE = Movieooze/Info.plist;
				LD_RUNPATH_SEARCH_PATHS = (
					"$(inherited)",
					"@executable_path/Frameworks",
				);
				PRODUCT_BUNDLE_IDENTIFIER = "Artem-Shcherban.Movieooze";
				PRODUCT_NAME = "$(TARGET_NAME)";
				PROVISIONING_PROFILE_SPECIFIER = "";
				SWIFT_VERSION = 5.0;
				TARGETED_DEVICE_FAMILY = 1;
			};
			name = Release;
		};
/* End XCBuildConfiguration section */

/* Begin XCConfigurationList section */
		F48C0EE826D35273000D280D /* Build configuration list for PBXProject "Movieooze" */ = {
			isa = XCConfigurationList;
			buildConfigurations = (
				F48C0EFF26D35275000D280D /* Debug */,
				F48C0F0026D35275000D280D /* Release */,
			);
			defaultConfigurationIsVisible = 0;
			defaultConfigurationName = Release;
		};
		F48C0F0126D35275000D280D /* Build configuration list for PBXNativeTarget "Movieooze" */ = {
			isa = XCConfigurationList;
			buildConfigurations = (
				F48C0F0226D35275000D280D /* Debug */,
				F48C0F0326D35275000D280D /* Release */,
			);
			defaultConfigurationIsVisible = 0;
			defaultConfigurationName = Release;
		};
/* End XCConfigurationList section */
	};
	rootObject = F48C0EE526D35273000D280D /* Project object */;
}
