// !$*UTF8*$!
{
	archiveVersion = 1;
	classes = {
	};
	objectVersion = 51;
	objects = {

/* Begin PBXBuildFile section */
		4B01477E4CFAF1D8017A8176 /* Pods_Movieooze.framework in Frameworks */ = {isa = PBXBuildFile; fileRef = 9F22B05114B0761F1D33064B /* Pods_Movieooze.framework */; };
		F43975E626E13ADA00262C7F /* PlayerViewController.swift in Sources */ = {isa = PBXBuildFile; fileRef = F43975E526E13ADA00262C7F /* PlayerViewController.swift */; };
		F43975EA26E27BF800262C7F /* ResultVideoMaterials.swift in Sources */ = {isa = PBXBuildFile; fileRef = F43975E826E27BF800262C7F /* ResultVideoMaterials.swift */; };
		F43975EB26E27BF800262C7F /* VideoMaterials.swift in Sources */ = {isa = PBXBuildFile; fileRef = F43975E926E27BF800262C7F /* VideoMaterials.swift */; };
		F43975F026E4694500262C7F /* MovieWithActor.swift in Sources */ = {isa = PBXBuildFile; fileRef = F43975ED26E4694500262C7F /* MovieWithActor.swift */; };
		F43975F126E4694500262C7F /* ResultActor.swift in Sources */ = {isa = PBXBuildFile; fileRef = F43975EE26E4694500262C7F /* ResultActor.swift */; };
		F43975F226E4694500262C7F /* MovieCrew.swift in Sources */ = {isa = PBXBuildFile; fileRef = F43975EF26E4694500262C7F /* MovieCrew.swift */; };
		F43975F626E46CF200262C7F /* ActorDetails.swift in Sources */ = {isa = PBXBuildFile; fileRef = F43975F526E46CF200262C7F /* ActorDetails.swift */; };
		F43975F826E48E4700262C7F /* ActorMoviesCollectionViewCell.swift in Sources */ = {isa = PBXBuildFile; fileRef = F43975F726E48E4700262C7F /* ActorMoviesCollectionViewCell.swift */; };
		F44C9B6C26D3556500B663CC /* MoviesViewController.swift in Sources */ = {isa = PBXBuildFile; fileRef = F44C9B6B26D3556500B663CC /* MoviesViewController.swift */; };
		F44C9B7026D355C600B663CC /* FavoriteMovieViewController.swift in Sources */ = {isa = PBXBuildFile; fileRef = F44C9B6F26D355C600B663CC /* FavoriteMovieViewController.swift */; };
		F44C9B7226D355F200B663CC /* MovieDetailedScrollViewController.swift in Sources */ = {isa = PBXBuildFile; fileRef = F44C9B7126D355F200B663CC /* MovieDetailedScrollViewController.swift */; };
		F44C9B7726D356A200B663CC /* ListMovieCellTableView.swift in Sources */ = {isa = PBXBuildFile; fileRef = F44C9B7526D356A200B663CC /* ListMovieCellTableView.swift */; };
		F44C9B7826D356A200B663CC /* ListMovieCellTableView.xib in Resources */ = {isa = PBXBuildFile; fileRef = F44C9B7626D356A200B663CC /* ListMovieCellTableView.xib */; };
		F44C9B7C26D3616900B663CC /* MovieRealm.swift in Sources */ = {isa = PBXBuildFile; fileRef = F44C9B7B26D3616900B663CC /* MovieRealm.swift */; };
		F44C9B8026D361C600B663CC /* ResultMoviesTrendingDay.swift in Sources */ = {isa = PBXBuildFile; fileRef = F44C9B7F26D361C600B663CC /* ResultMoviesTrendingDay.swift */; };
		F44C9B8226D361EA00B663CC /* Movies.swift in Sources */ = {isa = PBXBuildFile; fileRef = F44C9B8126D361EA00B663CC /* Movies.swift */; };
		F44C9B8526D3621900B663CC /* Genres.swift in Sources */ = {isa = PBXBuildFile; fileRef = F44C9B8426D3621900B663CC /* Genres.swift */; };
		F44C9B8726D3626600B663CC /* ResultGenres.swift in Sources */ = {isa = PBXBuildFile; fileRef = F44C9B8626D3626600B663CC /* ResultGenres.swift */; };
		F44C9B8926D3630800B663CC /* DataSource.swift in Sources */ = {isa = PBXBuildFile; fileRef = F44C9B8826D3630800B663CC /* DataSource.swift */; };
		F44C9B8B26D3633F00B663CC /* RealmManager.swift in Sources */ = {isa = PBXBuildFile; fileRef = F44C9B8A26D3633F00B663CC /* RealmManager.swift */; };
		F48C0EF126D35273000D280D /* AppDelegate.swift in Sources */ = {isa = PBXBuildFile; fileRef = F48C0EF026D35273000D280D /* AppDelegate.swift */; };
		F48C0EF326D35273000D280D /* SceneDelegate.swift in Sources */ = {isa = PBXBuildFile; fileRef = F48C0EF226D35273000D280D /* SceneDelegate.swift */; };
		F48C0EF826D35273000D280D /* Main.storyboard in Resources */ = {isa = PBXBuildFile; fileRef = F48C0EF626D35273000D280D /* Main.storyboard */; };
		F48C0EFA26D35275000D280D /* Assets.xcassets in Resources */ = {isa = PBXBuildFile; fileRef = F48C0EF926D35275000D280D /* Assets.xcassets */; };
		F48C0EFD26D35275000D280D /* LaunchScreen.storyboard in Resources */ = {isa = PBXBuildFile; fileRef = F48C0EFB26D35275000D280D /* LaunchScreen.storyboard */; };
		F4A2E53026DE8D880015CF46 /* SimilarMovieCollectionViewCell.swift in Sources */ = {isa = PBXBuildFile; fileRef = F4A2E52F26DE8D880015CF46 /* SimilarMovieCollectionViewCell.swift */; };
		F4A2E53426DE99EF0015CF46 /* SimilarMovie.swift in Sources */ = {isa = PBXBuildFile; fileRef = F4A2E53226DE99EF0015CF46 /* SimilarMovie.swift */; };
		F4A2E53526DE99EF0015CF46 /* ResultSimilarMovies.swift in Sources */ = {isa = PBXBuildFile; fileRef = F4A2E53326DE99EF0015CF46 /* ResultSimilarMovies.swift */; };
		F4ECB5A126D956E900A5F079 /* Crew.swift in Sources */ = {isa = PBXBuildFile; fileRef = F4ECB59626D956E800A5F079 /* Crew.swift */; };
		F4ECB5A226D956E900A5F079 /* Images.swift in Sources */ = {isa = PBXBuildFile; fileRef = F4ECB59726D956E800A5F079 /* Images.swift */; };
		F4ECB5A326D956E900A5F079 /* Cast.swift in Sources */ = {isa = PBXBuildFile; fileRef = F4ECB59826D956E800A5F079 /* Cast.swift */; };
		F4ECB5A426D956E900A5F079 /* Credits.swift in Sources */ = {isa = PBXBuildFile; fileRef = F4ECB59926D956E800A5F079 /* Credits.swift */; };
		F4ECB5A526D956E900A5F079 /* Results.swift in Sources */ = {isa = PBXBuildFile; fileRef = F4ECB59A26D956E800A5F079 /* Results.swift */; };
		F4ECB5A626D956E900A5F079 /* spokenLanguages.swift in Sources */ = {isa = PBXBuildFile; fileRef = F4ECB59B26D956E800A5F079 /* spokenLanguages.swift */; };
		F4ECB5A726D956E900A5F079 /* Videos.swift in Sources */ = {isa = PBXBuildFile; fileRef = F4ECB59C26D956E800A5F079 /* Videos.swift */; };
		F4ECB5A826D956E900A5F079 /* BelongsToCollection.swift in Sources */ = {isa = PBXBuildFile; fileRef = F4ECB59D26D956E900A5F079 /* BelongsToCollection.swift */; };
		F4ECB5A926D956E900A5F079 /* productionCountries.swift in Sources */ = {isa = PBXBuildFile; fileRef = F4ECB59E26D956E900A5F079 /* productionCountries.swift */; };
		F4ECB5AA26D956E900A5F079 /* ProductionCompanies.swift in Sources */ = {isa = PBXBuildFile; fileRef = F4ECB59F26D956E900A5F079 /* ProductionCompanies.swift */; };
		F4ECB5AB26D956E900A5F079 /* MovieDetailsEN.swift in Sources */ = {isa = PBXBuildFile; fileRef = F4ECB5A026D956E900A5F079 /* MovieDetailsEN.swift */; };
		F4ECB5AD26DA7F1C00A5F079 /* ActorDetailedScrollViewController.swift in Sources */ = {isa = PBXBuildFile; fileRef = F4ECB5AC26DA7F1C00A5F079 /* ActorDetailedScrollViewController.swift */; };
		F4ECB5AF26DBB39C00A5F079 /* ActorCollectionViewCell.swift in Sources */ = {isa = PBXBuildFile; fileRef = F4ECB5AE26DBB39C00A5F079 /* ActorCollectionViewCell.swift */; };
		F4F118AE26E5FFF400510265 /* Logos.swift in Sources */ = {isa = PBXBuildFile; fileRef = F4F118AC26E5FFF300510265 /* Logos.swift */; };
		F4F118AF26E5FFF400510265 /* ResultProductionCompanyLogo.swift in Sources */ = {isa = PBXBuildFile; fileRef = F4F118AD26E5FFF400510265 /* ResultProductionCompanyLogo.swift */; };
/* End PBXBuildFile section */

/* Begin PBXFileReference section */
		9F22B05114B0761F1D33064B /* Pods_Movieooze.framework */ = {isa = PBXFileReference; explicitFileType = wrapper.framework; includeInIndex = 0; path = Pods_Movieooze.framework; sourceTree = BUILT_PRODUCTS_DIR; };
		A7B8B73E3FAE71E31811CF06 /* Pods-Movieooze.release.xcconfig */ = {isa = PBXFileReference; includeInIndex = 1; lastKnownFileType = text.xcconfig; name = "Pods-Movieooze.release.xcconfig"; path = "Target Support Files/Pods-Movieooze/Pods-Movieooze.release.xcconfig"; sourceTree = "<group>"; };
		ADE21347BDBD6723E33E3A48 /* Pods-Movieooze.debug.xcconfig */ = {isa = PBXFileReference; includeInIndex = 1; lastKnownFileType = text.xcconfig; name = "Pods-Movieooze.debug.xcconfig"; path = "Target Support Files/Pods-Movieooze/Pods-Movieooze.debug.xcconfig"; sourceTree = "<group>"; };
		F43975E526E13ADA00262C7F /* PlayerViewController.swift */ = {isa = PBXFileReference; lastKnownFileType = sourcecode.swift; path = PlayerViewController.swift; sourceTree = "<group>"; };
		F43975E826E27BF800262C7F /* ResultVideoMaterials.swift */ = {isa = PBXFileReference; fileEncoding = 4; lastKnownFileType = sourcecode.swift; path = ResultVideoMaterials.swift; sourceTree = "<group>"; };
		F43975E926E27BF800262C7F /* VideoMaterials.swift */ = {isa = PBXFileReference; fileEncoding = 4; lastKnownFileType = sourcecode.swift; path = VideoMaterials.swift; sourceTree = "<group>"; };
		F43975ED26E4694500262C7F /* MovieWithActor.swift */ = {isa = PBXFileReference; fileEncoding = 4; lastKnownFileType = sourcecode.swift; path = MovieWithActor.swift; sourceTree = "<group>"; };
		F43975EE26E4694500262C7F /* ResultActor.swift */ = {isa = PBXFileReference; fileEncoding = 4; lastKnownFileType = sourcecode.swift; path = ResultActor.swift; sourceTree = "<group>"; };
		F43975EF26E4694500262C7F /* MovieCrew.swift */ = {isa = PBXFileReference; fileEncoding = 4; lastKnownFileType = sourcecode.swift; path = MovieCrew.swift; sourceTree = "<group>"; };
		F43975F526E46CF200262C7F /* ActorDetails.swift */ = {isa = PBXFileReference; fileEncoding = 4; lastKnownFileType = sourcecode.swift; path = ActorDetails.swift; sourceTree = "<group>"; };
		F43975F726E48E4700262C7F /* ActorMoviesCollectionViewCell.swift */ = {isa = PBXFileReference; lastKnownFileType = sourcecode.swift; path = ActorMoviesCollectionViewCell.swift; sourceTree = "<group>"; };
		F44C9B6B26D3556500B663CC /* MoviesViewController.swift */ = {isa = PBXFileReference; lastKnownFileType = sourcecode.swift; path = MoviesViewController.swift; sourceTree = "<group>"; };
		F44C9B6F26D355C600B663CC /* FavoriteMovieViewController.swift */ = {isa = PBXFileReference; lastKnownFileType = sourcecode.swift; path = FavoriteMovieViewController.swift; sourceTree = "<group>"; };
		F44C9B7126D355F200B663CC /* MovieDetailedScrollViewController.swift */ = {isa = PBXFileReference; lastKnownFileType = sourcecode.swift; path = MovieDetailedScrollViewController.swift; sourceTree = "<group>"; };
		F44C9B7526D356A200B663CC /* ListMovieCellTableView.swift */ = {isa = PBXFileReference; lastKnownFileType = sourcecode.swift; path = ListMovieCellTableView.swift; sourceTree = "<group>"; };
		F44C9B7626D356A200B663CC /* ListMovieCellTableView.xib */ = {isa = PBXFileReference; lastKnownFileType = file.xib; path = ListMovieCellTableView.xib; sourceTree = "<group>"; };
		F44C9B7B26D3616900B663CC /* MovieRealm.swift */ = {isa = PBXFileReference; lastKnownFileType = sourcecode.swift; path = MovieRealm.swift; sourceTree = "<group>"; };
		F44C9B7F26D361C600B663CC /* ResultMoviesTrendingDay.swift */ = {isa = PBXFileReference; lastKnownFileType = sourcecode.swift; path = ResultMoviesTrendingDay.swift; sourceTree = "<group>"; };
		F44C9B8126D361EA00B663CC /* Movies.swift */ = {isa = PBXFileReference; lastKnownFileType = sourcecode.swift; path = Movies.swift; sourceTree = "<group>"; };
		F44C9B8426D3621900B663CC /* Genres.swift */ = {isa = PBXFileReference; lastKnownFileType = sourcecode.swift; path = Genres.swift; sourceTree = "<group>"; };
		F44C9B8626D3626600B663CC /* ResultGenres.swift */ = {isa = PBXFileReference; lastKnownFileType = sourcecode.swift; path = ResultGenres.swift; sourceTree = "<group>"; };
		F44C9B8826D3630800B663CC /* DataSource.swift */ = {isa = PBXFileReference; lastKnownFileType = sourcecode.swift; path = DataSource.swift; sourceTree = "<group>"; };
		F44C9B8A26D3633F00B663CC /* RealmManager.swift */ = {isa = PBXFileReference; lastKnownFileType = sourcecode.swift; path = RealmManager.swift; sourceTree = "<group>"; };
		F48C0EED26D35273000D280D /* Movieooze.app */ = {isa = PBXFileReference; explicitFileType = wrapper.application; includeInIndex = 0; path = Movieooze.app; sourceTree = BUILT_PRODUCTS_DIR; };
		F48C0EF026D35273000D280D /* AppDelegate.swift */ = {isa = PBXFileReference; lastKnownFileType = sourcecode.swift; path = AppDelegate.swift; sourceTree = "<group>"; };
		F48C0EF226D35273000D280D /* SceneDelegate.swift */ = {isa = PBXFileReference; lastKnownFileType = sourcecode.swift; path = SceneDelegate.swift; sourceTree = "<group>"; };
		F48C0EF726D35273000D280D /* Base */ = {isa = PBXFileReference; lastKnownFileType = file.storyboard; name = Base; path = Base.lproj/Main.storyboard; sourceTree = "<group>"; };
		F48C0EF926D35275000D280D /* Assets.xcassets */ = {isa = PBXFileReference; lastKnownFileType = folder.assetcatalog; path = Assets.xcassets; sourceTree = "<group>"; };
		F48C0EFC26D35275000D280D /* Base */ = {isa = PBXFileReference; lastKnownFileType = file.storyboard; name = Base; path = Base.lproj/LaunchScreen.storyboard; sourceTree = "<group>"; };
		F48C0EFE26D35275000D280D /* Info.plist */ = {isa = PBXFileReference; lastKnownFileType = text.plist.xml; path = Info.plist; sourceTree = "<group>"; };
		F4A2E52F26DE8D880015CF46 /* SimilarMovieCollectionViewCell.swift */ = {isa = PBXFileReference; lastKnownFileType = sourcecode.swift; path = SimilarMovieCollectionViewCell.swift; sourceTree = "<group>"; };
		F4A2E53226DE99EF0015CF46 /* SimilarMovie.swift */ = {isa = PBXFileReference; fileEncoding = 4; lastKnownFileType = sourcecode.swift; path = SimilarMovie.swift; sourceTree = "<group>"; };
		F4A2E53326DE99EF0015CF46 /* ResultSimilarMovies.swift */ = {isa = PBXFileReference; fileEncoding = 4; lastKnownFileType = sourcecode.swift; path = ResultSimilarMovies.swift; sourceTree = "<group>"; };
		F4ECB59626D956E800A5F079 /* Crew.swift */ = {isa = PBXFileReference; fileEncoding = 4; lastKnownFileType = sourcecode.swift; path = Crew.swift; sourceTree = "<group>"; };
		F4ECB59726D956E800A5F079 /* Images.swift */ = {isa = PBXFileReference; fileEncoding = 4; lastKnownFileType = sourcecode.swift; path = Images.swift; sourceTree = "<group>"; };
		F4ECB59826D956E800A5F079 /* Cast.swift */ = {isa = PBXFileReference; fileEncoding = 4; lastKnownFileType = sourcecode.swift; path = Cast.swift; sourceTree = "<group>"; };
		F4ECB59926D956E800A5F079 /* Credits.swift */ = {isa = PBXFileReference; fileEncoding = 4; lastKnownFileType = sourcecode.swift; path = Credits.swift; sourceTree = "<group>"; };
		F4ECB59A26D956E800A5F079 /* Results.swift */ = {isa = PBXFileReference; fileEncoding = 4; lastKnownFileType = sourcecode.swift; path = Results.swift; sourceTree = "<group>"; };
		F4ECB59B26D956E800A5F079 /* spokenLanguages.swift */ = {isa = PBXFileReference; fileEncoding = 4; lastKnownFileType = sourcecode.swift; path = spokenLanguages.swift; sourceTree = "<group>"; };
		F4ECB59C26D956E800A5F079 /* Videos.swift */ = {isa = PBXFileReference; fileEncoding = 4; lastKnownFileType = sourcecode.swift; path = Videos.swift; sourceTree = "<group>"; };
		F4ECB59D26D956E900A5F079 /* BelongsToCollection.swift */ = {isa = PBXFileReference; fileEncoding = 4; lastKnownFileType = sourcecode.swift; path = BelongsToCollection.swift; sourceTree = "<group>"; };
		F4ECB59E26D956E900A5F079 /* productionCountries.swift */ = {isa = PBXFileReference; fileEncoding = 4; lastKnownFileType = sourcecode.swift; path = productionCountries.swift; sourceTree = "<group>"; };
		F4ECB59F26D956E900A5F079 /* ProductionCompanies.swift */ = {isa = PBXFileReference; fileEncoding = 4; lastKnownFileType = sourcecode.swift; path = ProductionCompanies.swift; sourceTree = "<group>"; };
		F4ECB5A026D956E900A5F079 /* MovieDetailsEN.swift */ = {isa = PBXFileReference; fileEncoding = 4; lastKnownFileType = sourcecode.swift; path = MovieDetailsEN.swift; sourceTree = "<group>"; };
		F4ECB5AC26DA7F1C00A5F079 /* ActorDetailedScrollViewController.swift */ = {isa = PBXFileReference; lastKnownFileType = sourcecode.swift; path = ActorDetailedScrollViewController.swift; sourceTree = "<group>"; };
		F4ECB5AE26DBB39C00A5F079 /* ActorCollectionViewCell.swift */ = {isa = PBXFileReference; lastKnownFileType = sourcecode.swift; path = ActorCollectionViewCell.swift; sourceTree = "<group>"; };
		F4F118AC26E5FFF300510265 /* Logos.swift */ = {isa = PBXFileReference; fileEncoding = 4; lastKnownFileType = sourcecode.swift; path = Logos.swift; sourceTree = "<group>"; };
		F4F118AD26E5FFF400510265 /* ResultProductionCompanyLogo.swift */ = {isa = PBXFileReference; fileEncoding = 4; lastKnownFileType = sourcecode.swift; path = ResultProductionCompanyLogo.swift; sourceTree = "<group>"; };
/* End PBXFileReference section */

/* Begin PBXFrameworksBuildPhase section */
		F48C0EEA26D35273000D280D /* Frameworks */ = {
			isa = PBXFrameworksBuildPhase;
			buildActionMask = 2147483647;
			files = (
				4B01477E4CFAF1D8017A8176 /* Pods_Movieooze.framework in Frameworks */,
			);
			runOnlyForDeploymentPostprocessing = 0;
		};
/* End PBXFrameworksBuildPhase section */

/* Begin PBXGroup section */
		67C4B7EDDDF55C1E422D535F /* Frameworks */ = {
			isa = PBXGroup;
			children = (
				9F22B05114B0761F1D33064B /* Pods_Movieooze.framework */,
			);
			name = Frameworks;
			sourceTree = "<group>";
		};
		AF714EE166AB70E65FC59102 /* Pods */ = {
			isa = PBXGroup;
			children = (
				ADE21347BDBD6723E33E3A48 /* Pods-Movieooze.debug.xcconfig */,
				A7B8B73E3FAE71E31811CF06 /* Pods-Movieooze.release.xcconfig */,
			);
			path = Pods;
			sourceTree = "<group>";
		};
		F43975E726E27BAB00262C7F /* VideoMaterials */ = {
			isa = PBXGroup;
			children = (
				F43975E826E27BF800262C7F /* ResultVideoMaterials.swift */,
				F43975E926E27BF800262C7F /* VideoMaterials.swift */,
			);
			path = VideoMaterials;
			sourceTree = "<group>";
		};
		F43975EC26E4692E00262C7F /* Actor */ = {
			isa = PBXGroup;
			children = (
				F43975F426E46CB800262C7F /* ActorBio */,
				F43975F326E46BCD00262C7F /* ActorMovie */,
			);
			path = Actor;
			sourceTree = "<group>";
		};
		F43975F326E46BCD00262C7F /* ActorMovie */ = {
			isa = PBXGroup;
			children = (
				F43975ED26E4694500262C7F /* MovieWithActor.swift */,
				F43975EF26E4694500262C7F /* MovieCrew.swift */,
				F43975EE26E4694500262C7F /* ResultActor.swift */,
			);
			path = ActorMovie;
			sourceTree = "<group>";
		};
		F43975F426E46CB800262C7F /* ActorBio */ = {
			isa = PBXGroup;
			children = (
				F43975F526E46CF200262C7F /* ActorDetails.swift */,
			);
			path = ActorBio;
			sourceTree = "<group>";
		};
		F44C9B6A26D3553D00B663CC /* ViewConrollers */ = {
			isa = PBXGroup;
			children = (
				F44C9B6B26D3556500B663CC /* MoviesViewController.swift */,
				F44C9B6F26D355C600B663CC /* FavoriteMovieViewController.swift */,
				F44C9B7126D355F200B663CC /* MovieDetailedScrollViewController.swift */,
				F44C9B7526D356A200B663CC /* ListMovieCellTableView.swift */,
				F4ECB5AC26DA7F1C00A5F079 /* ActorDetailedScrollViewController.swift */,
				F43975E526E13ADA00262C7F /* PlayerViewController.swift */,
			);
			path = ViewConrollers;
			sourceTree = "<group>";
		};
		F44C9B7326D3561500B663CC /* Cells */ = {
			isa = PBXGroup;
			children = (
				F4ECB57B26D93B9B00A5F079 /* CollectionView */,
				F4ECB57A26D93B8800A5F079 /* TableView */,
			);
			path = Cells;
			sourceTree = "<group>";
		};
		F44C9B7426D3562000B663CC /* Movie List */ = {
			isa = PBXGroup;
			children = (
				F44C9B7626D356A200B663CC /* ListMovieCellTableView.xib */,
			);
			path = "Movie List";
			sourceTree = "<group>";
		};
		F44C9B7926D360F500B663CC /* Models */ = {
			isa = PBXGroup;
			children = (
				F44C9B7A26D3612800B663CC /* RealmModels */,
				F44C9B7D26D3618900B663CC /* NetworkModels */,
			);
			path = Models;
			sourceTree = "<group>";
		};
		F44C9B7A26D3612800B663CC /* RealmModels */ = {
			isa = PBXGroup;
			children = (
				F44C9B7B26D3616900B663CC /* MovieRealm.swift */,
			);
			path = RealmModels;
			sourceTree = "<group>";
		};
		F44C9B7D26D3618900B663CC /* NetworkModels */ = {
			isa = PBXGroup;
			children = (
				F4F118AB26E5FEF600510265 /* ProductionCompanyLogo */,
				F43975EC26E4692E00262C7F /* Actor */,
				F43975E726E27BAB00262C7F /* VideoMaterials */,
				F4A2E53126DE99D20015CF46 /* SimilarMovies */,
				F4ECB57926D803F900A5F079 /* MovieDetailsEN */,
				F44C9B7E26D361B900B663CC /* TrendingMovies */,
				F44C9B8326D3620800B663CC /* Genres */,
			);
			path = NetworkModels;
			sourceTree = "<group>";
		};
		F44C9B7E26D361B900B663CC /* TrendingMovies */ = {
			isa = PBXGroup;
			children = (
				F44C9B7F26D361C600B663CC /* ResultMoviesTrendingDay.swift */,
				F44C9B8126D361EA00B663CC /* Movies.swift */,
			);
			path = TrendingMovies;
			sourceTree = "<group>";
		};
		F44C9B8326D3620800B663CC /* Genres */ = {
			isa = PBXGroup;
			children = (
				F44C9B8426D3621900B663CC /* Genres.swift */,
				F44C9B8626D3626600B663CC /* ResultGenres.swift */,
			);
			path = Genres;
			sourceTree = "<group>";
		};
		F48C0EE426D35273000D280D = {
			isa = PBXGroup;
			children = (
				F48C0EEF26D35273000D280D /* Movieooze */,
				F48C0EEE26D35273000D280D /* Products */,
				AF714EE166AB70E65FC59102 /* Pods */,
				67C4B7EDDDF55C1E422D535F /* Frameworks */,
			);
			sourceTree = "<group>";
		};
		F48C0EEE26D35273000D280D /* Products */ = {
			isa = PBXGroup;
			children = (
				F48C0EED26D35273000D280D /* Movieooze.app */,
			);
			name = Products;
			sourceTree = "<group>";
		};
		F48C0EEF26D35273000D280D /* Movieooze */ = {
			isa = PBXGroup;
			children = (
				F48C0EF626D35273000D280D /* Main.storyboard */,
				F44C9B6A26D3553D00B663CC /* ViewConrollers */,
				F44C9B7326D3561500B663CC /* Cells */,
				F44C9B7926D360F500B663CC /* Models */,
				F48C0EF026D35273000D280D /* AppDelegate.swift */,
				F48C0EF226D35273000D280D /* SceneDelegate.swift */,
				F48C0EF926D35275000D280D /* Assets.xcassets */,
				F48C0EFB26D35275000D280D /* LaunchScreen.storyboard */,
				F48C0EFE26D35275000D280D /* Info.plist */,
				F44C9B8826D3630800B663CC /* DataSource.swift */,
				F44C9B8A26D3633F00B663CC /* RealmManager.swift */,
			);
			path = Movieooze;
			sourceTree = "<group>";
		};
		F4A2E53126DE99D20015CF46 /* SimilarMovies */ = {
			isa = PBXGroup;
			children = (
				F4A2E53326DE99EF0015CF46 /* ResultSimilarMovies.swift */,
				F4A2E53226DE99EF0015CF46 /* SimilarMovie.swift */,
			);
			path = SimilarMovies;
			sourceTree = "<group>";
		};
		F4ECB57926D803F900A5F079 /* MovieDetailsEN */ = {
			isa = PBXGroup;
			children = (
				F4ECB59D26D956E900A5F079 /* BelongsToCollection.swift */,
				F4ECB59826D956E800A5F079 /* Cast.swift */,
				F4ECB59926D956E800A5F079 /* Credits.swift */,
				F4ECB59626D956E800A5F079 /* Crew.swift */,
				F4ECB59726D956E800A5F079 /* Images.swift */,
				F4ECB5A026D956E900A5F079 /* MovieDetailsEN.swift */,
				F4ECB59F26D956E900A5F079 /* ProductionCompanies.swift */,
				F4ECB59E26D956E900A5F079 /* productionCountries.swift */,
				F4ECB59A26D956E800A5F079 /* Results.swift */,
				F4ECB59B26D956E800A5F079 /* spokenLanguages.swift */,
				F4ECB59C26D956E800A5F079 /* Videos.swift */,
			);
			path = MovieDetailsEN;
			sourceTree = "<group>";
		};
		F4ECB57A26D93B8800A5F079 /* TableView */ = {
			isa = PBXGroup;
			children = (
				F44C9B7426D3562000B663CC /* Movie List */,
			);
			path = TableView;
			sourceTree = "<group>";
		};
		F4ECB57B26D93B9B00A5F079 /* CollectionView */ = {
			isa = PBXGroup;
			children = (
				F4ECB5AE26DBB39C00A5F079 /* ActorCollectionViewCell.swift */,
				F4A2E52F26DE8D880015CF46 /* SimilarMovieCollectionViewCell.swift */,
				F43975F726E48E4700262C7F /* ActorMoviesCollectionViewCell.swift */,
			);
			path = CollectionView;
			sourceTree = "<group>";
		};
		F4F118AB26E5FEF600510265 /* ProductionCompanyLogo */ = {
			isa = PBXGroup;
			children = (
				F4F118AD26E5FFF400510265 /* ResultProductionCompanyLogo.swift */,
				F4F118AC26E5FFF300510265 /* Logos.swift */,
			);
			path = ProductionCompanyLogo;
			sourceTree = "<group>";
		};
/* End PBXGroup section */

/* Begin PBXNativeTarget section */
		F48C0EEC26D35273000D280D /* Movieooze */ = {
			isa = PBXNativeTarget;
			buildConfigurationList = F48C0F0126D35275000D280D /* Build configuration list for PBXNativeTarget "Movieooze" */;
			buildPhases = (
				CE14B9678BC6FA35CC31C5C7 /* [CP] Check Pods Manifest.lock */,
				F48C0EE926D35273000D280D /* Sources */,
				F48C0EEA26D35273000D280D /* Frameworks */,
				F48C0EEB26D35273000D280D /* Resources */,
				4A11E2424DC009034C76D1C2 /* [CP] Embed Pods Frameworks */,
			);
			buildRules = (
			);
			dependencies = (
			);
			name = Movieooze;
			productName = Movieooze;
			productReference = F48C0EED26D35273000D280D /* Movieooze.app */;
			productType = "com.apple.product-type.application";
		};
/* End PBXNativeTarget section */

/* Begin PBXProject section */
		F48C0EE526D35273000D280D /* Project object */ = {
			isa = PBXProject;
			attributes = {
				LastSwiftUpdateCheck = 1250;
				LastUpgradeCheck = 1250;
				TargetAttributes = {
					F48C0EEC26D35273000D280D = {
						CreatedOnToolsVersion = 12.5.1;
					};
				};
			};
			buildConfigurationList = F48C0EE826D35273000D280D /* Build configuration list for PBXProject "Movieooze" */;
			compatibilityVersion = "Xcode 9.3";
			developmentRegion = en;
			hasScannedForEncodings = 0;
			knownRegions = (
				en,
				Base,
			);
			mainGroup = F48C0EE426D35273000D280D;
			productRefGroup = F48C0EEE26D35273000D280D /* Products */;
			projectDirPath = "";
			projectRoot = "";
			targets = (
				F48C0EEC26D35273000D280D /* Movieooze */,
			);
		};
/* End PBXProject section */

/* Begin PBXResourcesBuildPhase section */
		F48C0EEB26D35273000D280D /* Resources */ = {
			isa = PBXResourcesBuildPhase;
			buildActionMask = 2147483647;
			files = (
				F48C0EFD26D35275000D280D /* LaunchScreen.storyboard in Resources */,
				F48C0EFA26D35275000D280D /* Assets.xcassets in Resources */,
				F44C9B7826D356A200B663CC /* ListMovieCellTableView.xib in Resources */,
				F48C0EF826D35273000D280D /* Main.storyboard in Resources */,
			);
			runOnlyForDeploymentPostprocessing = 0;
		};
/* End PBXResourcesBuildPhase section */

/* Begin PBXShellScriptBuildPhase section */
		4A11E2424DC009034C76D1C2 /* [CP] Embed Pods Frameworks */ = {
			isa = PBXShellScriptBuildPhase;
			buildActionMask = 2147483647;
			files = (
			);
			inputFileListPaths = (
				"${PODS_ROOT}/Target Support Files/Pods-Movieooze/Pods-Movieooze-frameworks-${CONFIGURATION}-input-files.xcfilelist",
			);
			name = "[CP] Embed Pods Frameworks";
			outputFileListPaths = (
				"${PODS_ROOT}/Target Support Files/Pods-Movieooze/Pods-Movieooze-frameworks-${CONFIGURATION}-output-files.xcfilelist",
			);
			runOnlyForDeploymentPostprocessing = 0;
			shellPath = /bin/sh;
			shellScript = "\"${PODS_ROOT}/Target Support Files/Pods-Movieooze/Pods-Movieooze-frameworks.sh\"\n";
			showEnvVarsInLog = 0;
		};
		CE14B9678BC6FA35CC31C5C7 /* [CP] Check Pods Manifest.lock */ = {
			isa = PBXShellScriptBuildPhase;
			buildActionMask = 2147483647;
			files = (
			);
			inputFileListPaths = (
			);
			inputPaths = (
				"${PODS_PODFILE_DIR_PATH}/Podfile.lock",
				"${PODS_ROOT}/Manifest.lock",
			);
			name = "[CP] Check Pods Manifest.lock";
			outputFileListPaths = (
			);
			outputPaths = (
				"$(DERIVED_FILE_DIR)/Pods-Movieooze-checkManifestLockResult.txt",
			);
			runOnlyForDeploymentPostprocessing = 0;
			shellPath = /bin/sh;
			shellScript = "diff \"${PODS_PODFILE_DIR_PATH}/Podfile.lock\" \"${PODS_ROOT}/Manifest.lock\" > /dev/null\nif [ $? != 0 ] ; then\n    # print error to STDERR\n    echo \"error: The sandbox is not in sync with the Podfile.lock. Run 'pod install' or update your CocoaPods installation.\" >&2\n    exit 1\nfi\n# This output is used by Xcode 'outputs' to avoid re-running this script phase.\necho \"SUCCESS\" > \"${SCRIPT_OUTPUT_FILE_0}\"\n";
			showEnvVarsInLog = 0;
		};
/* End PBXShellScriptBuildPhase section */

/* Begin PBXSourcesBuildPhase section */
		F48C0EE926D35273000D280D /* Sources */ = {
			isa = PBXSourcesBuildPhase;
			buildActionMask = 2147483647;
			files = (
				F4ECB5A326D956E900A5F079 /* Cast.swift in Sources */,
				F4A2E53426DE99EF0015CF46 /* SimilarMovie.swift in Sources */,
				F4F118AE26E5FFF400510265 /* Logos.swift in Sources */,
				F4ECB5AF26DBB39C00A5F079 /* ActorCollectionViewCell.swift in Sources */,
				F4ECB5A926D956E900A5F079 /* productionCountries.swift in Sources */,
				F44C9B8226D361EA00B663CC /* Movies.swift in Sources */,
				F43975EA26E27BF800262C7F /* ResultVideoMaterials.swift in Sources */,
				F43975E626E13ADA00262C7F /* PlayerViewController.swift in Sources */,
				F44C9B7726D356A200B663CC /* ListMovieCellTableView.swift in Sources */,
				F4ECB5A726D956E900A5F079 /* Videos.swift in Sources */,
				F44C9B8926D3630800B663CC /* DataSource.swift in Sources */,
				F48C0EF126D35273000D280D /* AppDelegate.swift in Sources */,
				F4ECB5A526D956E900A5F079 /* Results.swift in Sources */,
				F44C9B8B26D3633F00B663CC /* RealmManager.swift in Sources */,
				F4A2E53026DE8D880015CF46 /* SimilarMovieCollectionViewCell.swift in Sources */,
				F4ECB5AA26D956E900A5F079 /* ProductionCompanies.swift in Sources */,
				F44C9B8726D3626600B663CC /* ResultGenres.swift in Sources */,
				F44C9B8526D3621900B663CC /* Genres.swift in Sources */,
				F43975EB26E27BF800262C7F /* VideoMaterials.swift in Sources */,
				F4ECB5A826D956E900A5F079 /* BelongsToCollection.swift in Sources */,
				F4F118AF26E5FFF400510265 /* ResultProductionCompanyLogo.swift in Sources */,
				F43975F026E4694500262C7F /* MovieWithActor.swift in Sources */,
				F44C9B7026D355C600B663CC /* FavoriteMovieViewController.swift in Sources */,
				F44C9B7C26D3616900B663CC /* MovieRealm.swift in Sources */,
				F44C9B7226D355F200B663CC /* MovieDetailedScrollViewController.swift in Sources */,
				F44C9B8026D361C600B663CC /* ResultMoviesTrendingDay.swift in Sources */,
				F43975F226E4694500262C7F /* MovieCrew.swift in Sources */,
				F4ECB5AD26DA7F1C00A5F079 /* ActorDetailedScrollViewController.swift in Sources */,
				F48C0EF326D35273000D280D /* SceneDelegate.swift in Sources */,
				F4A2E53526DE99EF0015CF46 /* ResultSimilarMovies.swift in Sources */,
				F4ECB5A226D956E900A5F079 /* Images.swift in Sources */,
				F43975F626E46CF200262C7F /* ActorDetails.swift in Sources */,
				F44C9B6C26D3556500B663CC /* MoviesViewController.swift in Sources */,
				F43975F126E4694500262C7F /* ResultActor.swift in Sources */,
				F4ECB5A426D956E900A5F079 /* Credits.swift in Sources */,
				F43975F826E48E4700262C7F /* ActorMoviesCollectionViewCell.swift in Sources */,
				F4ECB5A126D956E900A5F079 /* Crew.swift in Sources */,
				F4ECB5AB26D956E900A5F079 /* MovieDetailsEN.swift in Sources */,
				F4ECB5A626D956E900A5F079 /* spokenLanguages.swift in Sources */,
			);
			runOnlyForDeploymentPostprocessing = 0;
		};
/* End PBXSourcesBuildPhase section */

/* Begin PBXVariantGroup section */
		F48C0EF626D35273000D280D /* Main.storyboard */ = {
			isa = PBXVariantGroup;
			children = (
				F48C0EF726D35273000D280D /* Base */,
			);
			name = Main.storyboard;
			sourceTree = "<group>";
		};
		F48C0EFB26D35275000D280D /* LaunchScreen.storyboard */ = {
			isa = PBXVariantGroup;
			children = (
				F48C0EFC26D35275000D280D /* Base */,
			);
			name = LaunchScreen.storyboard;
			sourceTree = "<group>";
		};
/* End PBXVariantGroup section */

/* Begin XCBuildConfiguration section */
		F48C0EFF26D35275000D280D /* Debug */ = {
			isa = XCBuildConfiguration;
			buildSettings = {
				ALWAYS_SEARCH_USER_PATHS = NO;
				CLANG_ANALYZER_NONNULL = YES;
				CLANG_ANALYZER_NUMBER_OBJECT_CONVERSION = YES_AGGRESSIVE;
				CLANG_CXX_LANGUAGE_STANDARD = "gnu++14";
				CLANG_CXX_LIBRARY = "libc++";
				CLANG_ENABLE_MODULES = YES;
				CLANG_ENABLE_OBJC_ARC = YES;
				CLANG_ENABLE_OBJC_WEAK = YES;
				CLANG_WARN_BLOCK_CAPTURE_AUTORELEASING = YES;
				CLANG_WARN_BOOL_CONVERSION = YES;
				CLANG_WARN_COMMA = YES;
				CLANG_WARN_CONSTANT_CONVERSION = YES;
				CLANG_WARN_DEPRECATED_OBJC_IMPLEMENTATIONS = YES;
				CLANG_WARN_DIRECT_OBJC_ISA_USAGE = YES_ERROR;
				CLANG_WARN_DOCUMENTATION_COMMENTS = YES;
				CLANG_WARN_EMPTY_BODY = YES;
				CLANG_WARN_ENUM_CONVERSION = YES;
				CLANG_WARN_INFINITE_RECURSION = YES;
				CLANG_WARN_INT_CONVERSION = YES;
				CLANG_WARN_NON_LITERAL_NULL_CONVERSION = YES;
				CLANG_WARN_OBJC_IMPLICIT_RETAIN_SELF = YES;
				CLANG_WARN_OBJC_LITERAL_CONVERSION = YES;
				CLANG_WARN_OBJC_ROOT_CLASS = YES_ERROR;
				CLANG_WARN_QUOTED_INCLUDE_IN_FRAMEWORK_HEADER = YES;
				CLANG_WARN_RANGE_LOOP_ANALYSIS = YES;
				CLANG_WARN_STRICT_PROTOTYPES = YES;
				CLANG_WARN_SUSPICIOUS_MOVE = YES;
				CLANG_WARN_UNGUARDED_AVAILABILITY = YES_AGGRESSIVE;
				CLANG_WARN_UNREACHABLE_CODE = YES;
				CLANG_WARN__DUPLICATE_METHOD_MATCH = YES;
				COPY_PHASE_STRIP = NO;
				DEBUG_INFORMATION_FORMAT = dwarf;
				ENABLE_STRICT_OBJC_MSGSEND = YES;
				ENABLE_TESTABILITY = YES;
				GCC_C_LANGUAGE_STANDARD = gnu11;
				GCC_DYNAMIC_NO_PIC = NO;
				GCC_NO_COMMON_BLOCKS = YES;
				GCC_OPTIMIZATION_LEVEL = 0;
				GCC_PREPROCESSOR_DEFINITIONS = (
					"DEBUG=1",
					"$(inherited)",
				);
				GCC_WARN_64_TO_32_BIT_CONVERSION = YES;
				GCC_WARN_ABOUT_RETURN_TYPE = YES_ERROR;
				GCC_WARN_UNDECLARED_SELECTOR = YES;
				GCC_WARN_UNINITIALIZED_AUTOS = YES_AGGRESSIVE;
				GCC_WARN_UNUSED_FUNCTION = YES;
				GCC_WARN_UNUSED_VARIABLE = YES;
				IPHONEOS_DEPLOYMENT_TARGET = 14.5;
				MTL_ENABLE_DEBUG_INFO = INCLUDE_SOURCE;
				MTL_FAST_MATH = YES;
				ONLY_ACTIVE_ARCH = YES;
				SDKROOT = iphoneos;
				SWIFT_ACTIVE_COMPILATION_CONDITIONS = DEBUG;
				SWIFT_OPTIMIZATION_LEVEL = "-Onone";
			};
			name = Debug;
		};
		F48C0F0026D35275000D280D /* Release */ = {
			isa = XCBuildConfiguration;
			buildSettings = {
				ALWAYS_SEARCH_USER_PATHS = NO;
				CLANG_ANALYZER_NONNULL = YES;
				CLANG_ANALYZER_NUMBER_OBJECT_CONVERSION = YES_AGGRESSIVE;
				CLANG_CXX_LANGUAGE_STANDARD = "gnu++14";
				CLANG_CXX_LIBRARY = "libc++";
				CLANG_ENABLE_MODULES = YES;
				CLANG_ENABLE_OBJC_ARC = YES;
				CLANG_ENABLE_OBJC_WEAK = YES;
				CLANG_WARN_BLOCK_CAPTURE_AUTORELEASING = YES;
				CLANG_WARN_BOOL_CONVERSION = YES;
				CLANG_WARN_COMMA = YES;
				CLANG_WARN_CONSTANT_CONVERSION = YES;
				CLANG_WARN_DEPRECATED_OBJC_IMPLEMENTATIONS = YES;
				CLANG_WARN_DIRECT_OBJC_ISA_USAGE = YES_ERROR;
				CLANG_WARN_DOCUMENTATION_COMMENTS = YES;
				CLANG_WARN_EMPTY_BODY = YES;
				CLANG_WARN_ENUM_CONVERSION = YES;
				CLANG_WARN_INFINITE_RECURSION = YES;
				CLANG_WARN_INT_CONVERSION = YES;
				CLANG_WARN_NON_LITERAL_NULL_CONVERSION = YES;
				CLANG_WARN_OBJC_IMPLICIT_RETAIN_SELF = YES;
				CLANG_WARN_OBJC_LITERAL_CONVERSION = YES;
				CLANG_WARN_OBJC_ROOT_CLASS = YES_ERROR;
				CLANG_WARN_QUOTED_INCLUDE_IN_FRAMEWORK_HEADER = YES;
				CLANG_WARN_RANGE_LOOP_ANALYSIS = YES;
				CLANG_WARN_STRICT_PROTOTYPES = YES;
				CLANG_WARN_SUSPICIOUS_MOVE = YES;
				CLANG_WARN_UNGUARDED_AVAILABILITY = YES_AGGRESSIVE;
				CLANG_WARN_UNREACHABLE_CODE = YES;
				CLANG_WARN__DUPLICATE_METHOD_MATCH = YES;
				COPY_PHASE_STRIP = NO;
				DEBUG_INFORMATION_FORMAT = "dwarf-with-dsym";
				ENABLE_NS_ASSERTIONS = NO;
				ENABLE_STRICT_OBJC_MSGSEND = YES;
				GCC_C_LANGUAGE_STANDARD = gnu11;
				GCC_NO_COMMON_BLOCKS = YES;
				GCC_WARN_64_TO_32_BIT_CONVERSION = YES;
				GCC_WARN_ABOUT_RETURN_TYPE = YES_ERROR;
				GCC_WARN_UNDECLARED_SELECTOR = YES;
				GCC_WARN_UNINITIALIZED_AUTOS = YES_AGGRESSIVE;
				GCC_WARN_UNUSED_FUNCTION = YES;
				GCC_WARN_UNUSED_VARIABLE = YES;
				IPHONEOS_DEPLOYMENT_TARGET = 14.5;
				MTL_ENABLE_DEBUG_INFO = NO;
				MTL_FAST_MATH = YES;
				SDKROOT = iphoneos;
				SWIFT_COMPILATION_MODE = wholemodule;
				SWIFT_OPTIMIZATION_LEVEL = "-O";
				VALIDATE_PRODUCT = YES;
			};
			name = Release;
		};
		F48C0F0226D35275000D280D /* Debug */ = {
			isa = XCBuildConfiguration;
			baseConfigurationReference = ADE21347BDBD6723E33E3A48 /* Pods-Movieooze.debug.xcconfig */;
			buildSettings = {
				ASSETCATALOG_COMPILER_APPICON_NAME = AppIcon;
				ASSETCATALOG_COMPILER_GLOBAL_ACCENT_COLOR_NAME = AccentColor;
				CODE_SIGN_IDENTITY = "Apple Development";
				CODE_SIGN_STYLE = Automatic;
				DEVELOPMENT_TEAM = 34XV2JSY5D;
				INFOPLIST_FILE = Movieooze/Info.plist;
				LD_RUNPATH_SEARCH_PATHS = (
					"$(inherited)",
					"@executable_path/Frameworks",
				);
				PRODUCT_BUNDLE_IDENTIFIER = "Artem-Shcherban.Movieooze";
				PRODUCT_NAME = "$(TARGET_NAME)";
				PROVISIONING_PROFILE_SPECIFIER = "";
				SWIFT_VERSION = 5.0;
				TARGETED_DEVICE_FAMILY = 1;
			};
			name = Debug;
		};
		F48C0F0326D35275000D280D /* Release */ = {
			isa = XCBuildConfiguration;
			baseConfigurationReference = A7B8B73E3FAE71E31811CF06 /* Pods-Movieooze.release.xcconfig */;
			buildSettings = {
				ASSETCATALOG_COMPILER_APPICON_NAME = AppIcon;
				ASSETCATALOG_COMPILER_GLOBAL_ACCENT_COLOR_NAME = AccentColor;
				CODE_SIGN_IDENTITY = "Apple Development";
				CODE_SIGN_STYLE = Automatic;
				DEVELOPMENT_TEAM = 34XV2JSY5D;
				INFOPLIST_FILE = Movieooze/Info.plist;
				LD_RUNPATH_SEARCH_PATHS = (
					"$(inherited)",
					"@executable_path/Frameworks",
				);
				PRODUCT_BUNDLE_IDENTIFIER = "Artem-Shcherban.Movieooze";
				PRODUCT_NAME = "$(TARGET_NAME)";
				PROVISIONING_PROFILE_SPECIFIER = "";
				SWIFT_VERSION = 5.0;
				TARGETED_DEVICE_FAMILY = 1;
			};
			name = Release;
		};
/* End XCBuildConfiguration section */

/* Begin XCConfigurationList section */
		F48C0EE826D35273000D280D /* Build configuration list for PBXProject "Movieooze" */ = {
			isa = XCConfigurationList;
			buildConfigurations = (
				F48C0EFF26D35275000D280D /* Debug */,
				F48C0F0026D35275000D280D /* Release */,
			);
			defaultConfigurationIsVisible = 0;
			defaultConfigurationName = Release;
		};
		F48C0F0126D35275000D280D /* Build configuration list for PBXNativeTarget "Movieooze" */ = {
			isa = XCConfigurationList;
			buildConfigurations = (
				F48C0F0226D35275000D280D /* Debug */,
				F48C0F0326D35275000D280D /* Release */,
			);
			defaultConfigurationIsVisible = 0;
			defaultConfigurationName = Release;
		};
/* End XCConfigurationList section */
	};
	rootObject = F48C0EE526D35273000D280D /* Project object */;
}
